// !$*UTF8*$!
{
	archiveVersion = 1;
	classes = {
	};
	objectVersion = 52;
	objects = {

/* Begin PBXBuildFile section */
		0207DA581B56EA530066E2B4 /* Images.xcassets in Resources */ = {isa = PBXBuildFile; fileRef = 0207DA571B56EA530066E2B4 /* Images.xcassets */; };
		1D3623260D0F684500981E51 /* AppDelegate.m in Sources */ = {isa = PBXBuildFile; fileRef = 1D3623250D0F684500981E51 /* AppDelegate.m */; };
		1D60589B0D05DD56006BFB54 /* main.m in Sources */ = {isa = PBXBuildFile; fileRef = 29B97316FDCFA39411CA2CEA /* main.m */; };
		301BF552109A68D80062928A /* libCordova.a in Frameworks */ = {isa = PBXBuildFile; fileRef = 301BF535109A57CC0062928A /* libCordova.a */; settings = {ATTRIBUTES = (Required, ); }; };
		302D95F114D2391D003F00A1 /* MainViewController.m in Sources */ = {isa = PBXBuildFile; fileRef = 302D95EF14D2391D003F00A1 /* MainViewController.m */; };
		302D95F214D2391D003F00A1 /* MainViewController.xib in Resources */ = {isa = PBXBuildFile; fileRef = 302D95F014D2391D003F00A1 /* MainViewController.xib */; };
		6AFF5BF91D6E424B00AB3073 /* CDVLaunchScreen.storyboard in Resources */ = {isa = PBXBuildFile; fileRef = 6AFF5BF81D6E424B00AB3073 /* CDVLaunchScreen.storyboard */; };
		30149E33CC664F60BE81511E /* UIImage+CropScaleOrientation.m in Sources */ = {isa = PBXBuildFile; fileRef = CD28CCD177EC4639B3B40343 /* UIImage+CropScaleOrientation.m */; };
		A7EC8A167E6248C5B3011AA0 /* CDVCamera.m in Sources */ = {isa = PBXBuildFile; fileRef = 4A08C6CC5A9349C184EF1249 /* CDVCamera.m */; };
		9BB89B586A4B4F11A444B15A /* CDVJpegHeaderWriter.m in Sources */ = {isa = PBXBuildFile; fileRef = D3D15725CF804A1598E58C1E /* CDVJpegHeaderWriter.m */; };
		E9A2B84F256B41508698459C /* ImageIO.framework in Frameworks */ = {isa = PBXBuildFile; fileRef = E68F8FDA5E454F438A05B4BF /* ImageIO.framework */; settings = {ATTRIBUTES = (Weak, ); }; };
		553D5140763944908FD36CFE /* CoreLocation.framework in Frameworks */ = {isa = PBXBuildFile; fileRef = B47C0BE8958F4D8EB8130148 /* CoreLocation.framework */; };
		F1CF74DE2CC6469E8A2A2E31 /* AVFoundation.framework in Frameworks */ = {isa = PBXBuildFile; fileRef = A7FBC51CC28D4F7F893B208C /* AVFoundation.framework */; };
		89CBA41D376F40F894A63B81 /* CDVLocation.m in Sources */ = {isa = PBXBuildFile; fileRef = AD2133A06DA94FAEB3ECDE6D /* CDVLocation.m */; };
		743CA6A07D25470DB6EAF103 /* PluginObjects.m in Sources */ = {isa = PBXBuildFile; fileRef = 27B60C7704134B3AB8D58E37 /* PluginObjects.m */; };
		B90CB4759B06417FBD765A86 /* PluginCircle.m in Sources */ = {isa = PBXBuildFile; fileRef = FFB22A085EAB439E91D3F01E /* PluginCircle.m */; };
		99143ACD4D2440A78A613F02 /* PluginGeocoder.m in Sources */ = {isa = PBXBuildFile; fileRef = 6C50A70492E2484BB1D21312 /* PluginGeocoder.m */; };
		E81EC01F349942499B4BC1C9 /* PluginLocationService.m in Sources */ = {isa = PBXBuildFile; fileRef = A75DC622CF3B43F68E89FD20 /* PluginLocationService.m */; };
		69A1F90EA15842539AF33CF3 /* PluginEnvironment.m in Sources */ = {isa = PBXBuildFile; fileRef = 8AB8B5E13EDD47C1859A3350 /* PluginEnvironment.m */; };
		6422E49266514C7A83088FE3 /* CordovaGoogleMaps.m in Sources */ = {isa = PBXBuildFile; fileRef = 7B14ECB0C43244148E2DACC5 /* CordovaGoogleMaps.m */; };
		90583B92BAB842EAB815B9D5 /* PluginMapViewController.m in Sources */ = {isa = PBXBuildFile; fileRef = 51B38A45DD544056B1C11564 /* PluginMapViewController.m */; };
		40C50A05A2DB4996986B893E /* PluginGroundOverlay.m in Sources */ = {isa = PBXBuildFile; fileRef = D1C01F0EA72E4C9AA2740B1D /* PluginGroundOverlay.m */; };
		CB41C8015B794EFA8E003C1D /* PluginKmlOverlay.m in Sources */ = {isa = PBXBuildFile; fileRef = 2F71C5EB82BA4D5B87A98329 /* PluginKmlOverlay.m */; };
		C690CF6F5FFB4951B1E4FF71 /* PluginMap.m in Sources */ = {isa = PBXBuildFile; fileRef = A108863991BB44019C48D4E1 /* PluginMap.m */; };
		E2F78F423D414F5FBEB50794 /* PluginMarker.m in Sources */ = {isa = PBXBuildFile; fileRef = B2759AB289314D00AE4AD310 /* PluginMarker.m */; };
		F932B26AECB24619B36D060E /* PluginUtil.m in Sources */ = {isa = PBXBuildFile; fileRef = F382D6AD3F084844BEEC1E1D /* PluginUtil.m */; };
		45DFABE1D73E43D786A5C63C /* PluginPolygon.m in Sources */ = {isa = PBXBuildFile; fileRef = 0FFE8062D6D74B2886356493 /* PluginPolygon.m */; };
		70AECDD6E0204E1FBD753896 /* PluginPolyline.m in Sources */ = {isa = PBXBuildFile; fileRef = 8E3BA19D4F0B4EE3A8E0C782 /* PluginPolyline.m */; };
		3F69543743534514B8B258CB /* PluginTileProvider.m in Sources */ = {isa = PBXBuildFile; fileRef = 03D497C2783D47739D42E0BE /* PluginTileProvider.m */; };
		16F88E6FF2144E8BBF875AA0 /* TBXML.m in Sources */ = {isa = PBXBuildFile; fileRef = ACA0468A2B6D43A594C21DAB /* TBXML.m */; };
		D64581A3CC334DC3BB4036CA /* PluginTileOverlay.m in Sources */ = {isa = PBXBuildFile; fileRef = 5E2CAB984E8C485C98C85AF1 /* PluginTileOverlay.m */; };
		A5C4C77AEEF141278DE2EE88 /* GMSCoordinateBounds+Geometry.m in Sources */ = {isa = PBXBuildFile; fileRef = B92A63E5CB2C4AE9A254CBB2 /* GMSCoordinateBounds+Geometry.m */; };
		F652B62A3FD6458A923C17A1 /* MyPluginLayer.m in Sources */ = {isa = PBXBuildFile; fileRef = 61BF903DB53E4E14BED29D6A /* MyPluginLayer.m */; };
		CBE78E61996D43ADAEA02346 /* MyPluginScrollView.m in Sources */ = {isa = PBXBuildFile; fileRef = 1EE33B84C3894A48B5AC82B6 /* MyPluginScrollView.m */; };
		3501E72E58064B5C97B424D2 /* PluginMarkerCluster.m in Sources */ = {isa = PBXBuildFile; fileRef = 1515A7FD7A6E46759B21F082 /* PluginMarkerCluster.m */; };
		586B1DE221574503A047860E /* UIImageCache.m in Sources */ = {isa = PBXBuildFile; fileRef = BF1A8A5A7E5543C3B302ACAF /* UIImageCache.m */; };
		45016B76BF044140B3B513EF /* PluginStreetViewPanorama.m in Sources */ = {isa = PBXBuildFile; fileRef = 3B32194C7ADF4256950F07D3 /* PluginStreetViewPanorama.m */; };
		7EA75DC44E9F481F93410A01 /* PluginStreetViewPanoramaController.m in Sources */ = {isa = PBXBuildFile; fileRef = 6B5CEA26475A41D3B7232E52 /* PluginStreetViewPanoramaController.m */; };
		CE4AE6A2170D4DC38AE7E5E2 /* PluginViewController.m in Sources */ = {isa = PBXBuildFile; fileRef = E05A7DD0BB7F4D81A8EF28BC /* PluginViewController.m */; };
		A45B7CBB8EAD4A55B106912A /* pgm_Localizable_en.json in Resources */ = {isa = PBXBuildFile; fileRef = 9049D03A4D1D45598C81FF7A /* pgm_Localizable_en.json */; };
		A25FC3276B2B42839BDADFE7 /* pgm_Localizable_es.json in Resources */ = {isa = PBXBuildFile; fileRef = FC7AFFAEBF9142469CAF5DEB /* pgm_Localizable_es.json */; };
		0FEEAF1AA24944B891FA1C17 /* pgm_Localizable_ja.json in Resources */ = {isa = PBXBuildFile; fileRef = 0AFB87EE81354BBCAF02A55D /* pgm_Localizable_ja.json */; };
		9770D21C3D914FEF89A4E4E4 /* pgm_Localizable_ru.json in Resources */ = {isa = PBXBuildFile; fileRef = 32918A7F1DEB421094EA0C7E /* pgm_Localizable_ru.json */; };
		601F27DDCF0347FFB29F602B /* pgm_Localizable_uk.json in Resources */ = {isa = PBXBuildFile; fileRef = FBCE20F1850040AA85FC4FBB /* pgm_Localizable_uk.json */; };
		8ED325B14BAF491186B0E410 /* pgm_Localizable_pt-BR.json in Resources */ = {isa = PBXBuildFile; fileRef = 79C8B0DB636445EBA9E45D32 /* pgm_Localizable_pt-BR.json */; };
		C8A37E29B06F4549B8059B91 /* pgm_Localizable_de.json in Resources */ = {isa = PBXBuildFile; fileRef = 618F283203744C3A9BCABB1B /* pgm_Localizable_de.json */; };
		D979119CF2A84959B56F17F7 /* pgm_Localizable_fr.json in Resources */ = {isa = PBXBuildFile; fileRef = 28C4B498F6DD48AC8620C519 /* pgm_Localizable_fr.json */; };
		E516BDF2F30D4C3380483DFC /* pgm_Localizable_hi.json in Resources */ = {isa = PBXBuildFile; fileRef = 517C7E325D5E4371843058D4 /* pgm_Localizable_hi.json */; };
		102526DF23B74F59890E3C9A /* pgm_Localizable_ar.json in Resources */ = {isa = PBXBuildFile; fileRef = B6714E36E91244D6BAEE1CA7 /* pgm_Localizable_ar.json */; };
		02FCA0AE0F764AC68552444D /* pgm_Localizable_nl.json in Resources */ = {isa = PBXBuildFile; fileRef = 8BFF6AA47AB14589A7AE8DD8 /* pgm_Localizable_nl.json */; };
		040DE832240B447EA9BBEEFA /* pgm_Localizable_pl.json in Resources */ = {isa = PBXBuildFile; fileRef = E1C667DF6FA24739BBD88DC9 /* pgm_Localizable_pl.json */; };
		8B9CF64195544493AC511D13 /* pgm_Localizable_da.json in Resources */ = {isa = PBXBuildFile; fileRef = 3EBA6D9782084E5AB191D764 /* pgm_Localizable_da.json */; };
		7C55C7FCF588452BB65ED232 /* pgm_Localizable_vi.json in Resources */ = {isa = PBXBuildFile; fileRef = DCD528E96FC94EF3940F5421 /* pgm_Localizable_vi.json */; };
		26BE084845084A2EBC3FF785 /* CDVInAppBrowserOptions.m in Sources */ = {isa = PBXBuildFile; fileRef = CAEA1BD70F0A4F46898C18EE /* CDVInAppBrowserOptions.m */; };
		C8F856465D0A4F6CBA5158FF /* CDVInAppBrowserNavigationController.m in Sources */ = {isa = PBXBuildFile; fileRef = B99422FF63D341B0B0896B5E /* CDVInAppBrowserNavigationController.m */; };
		56480284654C42E394B20250 /* CDVWKInAppBrowser.m in Sources */ = {isa = PBXBuildFile; fileRef = 4150738BF61A4DABAAF46757 /* CDVWKInAppBrowser.m */; };
		DB0B4FCD7F7F4BB5A9EAFBA8 /* CDVWKInAppBrowserUIDelegate.m in Sources */ = {isa = PBXBuildFile; fileRef = 67C80BBD00D64297B9BC3C1C /* CDVWKInAppBrowserUIDelegate.m */; };
/* End PBXBuildFile section */

/* Begin PBXContainerItemProxy section */
		301BF534109A57CC0062928A /* PBXContainerItemProxy */ = {
			isa = PBXContainerItemProxy;
			containerPortal = 301BF52D109A57CC0062928A /* CordovaLib/CordovaLib.xcodeproj */;
			proxyType = 2;
			remoteGlobalIDString = D2AAC07E0554694100DB518D;
			remoteInfo = CordovaLib;
		};
		301BF550109A68C00062928A /* PBXContainerItemProxy */ = {
			isa = PBXContainerItemProxy;
			containerPortal = 301BF52D109A57CC0062928A /* CordovaLib/CordovaLib.xcodeproj */;
			proxyType = 1;
			remoteGlobalIDString = D2AAC07D0554694100DB518D;
			remoteInfo = CordovaLib;
		};
		907D8123214C687600058A10 /* PBXContainerItemProxy */ = {
			isa = PBXContainerItemProxy;
			containerPortal = 301BF52D109A57CC0062928A /* CordovaLib/CordovaLib.xcodeproj */;
			proxyType = 2;
			remoteGlobalIDString = C0C01EB21E3911D50056E6CB;
			remoteInfo = Cordova;
		};
/* End PBXContainerItemProxy section */

/* Begin PBXFileReference section */
		0207DA571B56EA530066E2B4 /* Images.xcassets */ = {isa = PBXFileReference; lastKnownFileType = folder.assetcatalog; name = Images.xcassets; path = "Exploration Dashboard Monitoring/Images.xcassets"; sourceTree = SOURCE_ROOT; };
		1D3623240D0F684500981E51 /* AppDelegate.h */ = {isa = PBXFileReference; fileEncoding = 4; lastKnownFileType = sourcecode.c.h; path = AppDelegate.h; sourceTree = "<group>"; };
		1D3623250D0F684500981E51 /* AppDelegate.m */ = {isa = PBXFileReference; fileEncoding = 4; lastKnownFileType = sourcecode.c.objc; path = AppDelegate.m; sourceTree = "<group>"; };
		1D6058910D05DD3D006BFB54 /* Exploration Dashboard Monitoring.app */ = {isa = PBXFileReference; explicitFileType = wrapper.application; includeInIndex = 0; path = "Exploration Dashboard Monitoring.app"; sourceTree = BUILT_PRODUCTS_DIR; };
		29B97316FDCFA39411CA2CEA /* main.m */ = {isa = PBXFileReference; fileEncoding = 4; lastKnownFileType = sourcecode.c.objc; path = main.m; sourceTree = "<group>"; };
		301BF52D109A57CC0062928A /* CordovaLib/CordovaLib.xcodeproj */ = {isa = PBXFileReference; lastKnownFileType = "wrapper.pb-project"; name = CordovaLib.xcodeproj; path = CordovaLib\CordovaLib.xcodeproj; sourceTree = "<group>"; };
		301BF56E109A69640062928A /* www */ = {isa = PBXFileReference; lastKnownFileType = folder; path = www; sourceTree = SOURCE_ROOT; };
		302D95EE14D2391D003F00A1 /* MainViewController.h */ = {isa = PBXFileReference; fileEncoding = 4; lastKnownFileType = sourcecode.c.h; path = MainViewController.h; sourceTree = "<group>"; };
		302D95EF14D2391D003F00A1 /* MainViewController.m */ = {isa = PBXFileReference; fileEncoding = 4; lastKnownFileType = sourcecode.c.objc; path = MainViewController.m; sourceTree = "<group>"; };
		302D95F014D2391D003F00A1 /* MainViewController.xib */ = {isa = PBXFileReference; fileEncoding = 4; lastKnownFileType = file.xib; path = MainViewController.xib; sourceTree = "<group>"; };
		3047A50F1AB8059700498E2A /* build-debug.xcconfig */ = {isa = PBXFileReference; fileEncoding = 4; lastKnownFileType = text.xcconfig; name = "build-debug.xcconfig"; path = "cordova/build-debug.xcconfig"; sourceTree = SOURCE_ROOT; };
		3047A5101AB8059700498E2A /* build-release.xcconfig */ = {isa = PBXFileReference; fileEncoding = 4; lastKnownFileType = text.xcconfig; name = "build-release.xcconfig"; path = "cordova/build-release.xcconfig"; sourceTree = SOURCE_ROOT; };
		3047A5111AB8059700498E2A /* build.xcconfig */ = {isa = PBXFileReference; fileEncoding = 4; lastKnownFileType = text.xcconfig; name = build.xcconfig; path = cordova/build.xcconfig; sourceTree = SOURCE_ROOT; };
		32CA4F630368D1EE00C91783 /* Exploration Dashboard Monitoring-Prefix.pch */ = {isa = PBXFileReference; fileEncoding = 4; lastKnownFileType = sourcecode.c.h; path = "Exploration Dashboard Monitoring-Prefix.pch"; sourceTree = "<group>"; };
		6AFF5BF81D6E424B00AB3073 /* CDVLaunchScreen.storyboard */ = {isa = PBXFileReference; fileEncoding = 4; lastKnownFileType = file.storyboard; name = CDVLaunchScreen.storyboard; path = "Exploration Dashboard Monitoring/CDVLaunchScreen.storyboard"; sourceTree = SOURCE_ROOT; };
		8D1107310486CEB800E47090 /* Exploration Dashboard Monitoring-Info.plist */ = {isa = PBXFileReference; fileEncoding = 4; lastKnownFileType = text.plist.xml; name = "Exploration Dashboard Monitoring-Info.plist"; path = "Exploration Dashboard Monitoring/Exploration Dashboard Monitoring-Info.plist"; plistStructureDefinitionIdentifier = "com.apple.xcode.plist.structure-definition.iphone.info-plist"; sourceTree = SOURCE_ROOT; };
		EB87FDF31871DA8E0020F90C /* www */ = {isa = PBXFileReference; lastKnownFileType = folder; name = www; path = ../../www; sourceTree = "<group>"; };
		EB87FDF41871DAF40020F90C /* config.xml */ = {isa = PBXFileReference; lastKnownFileType = text.xml; name = config.xml; path = ../../config.xml; sourceTree = "<group>"; };
		ED33DF2A687741AEAF9F8254 /* Bridging-Header.h */ = {isa = PBXFileReference; fileEncoding = 4; lastKnownFileType = sourcecode.c.h; path = "Bridging-Header.h"; sourceTree = "<group>"; };
		F840E1F0165FE0F500CFE078 /* config.xml */ = {isa = PBXFileReference; lastKnownFileType = text.xml; name = config.xml; path = "Exploration Dashboard Monitoring/config.xml"; sourceTree = "<group>"; };
		CD28CCD177EC4639B3B40343 /* UIImage+CropScaleOrientation.m */ = {isa = PBXFileReference; name = "UIImage+CropScaleOrientation.m"; path = "cordova-plugin-camera/UIImage+CropScaleOrientation.m"; sourceTree = "<group>"; fileEncoding = 4; lastKnownFileType = sourcecode.c.objc; explicitFileType = undefined; includeInIndex = 0; };
		4A08C6CC5A9349C184EF1249 /* CDVCamera.m */ = {isa = PBXFileReference; name = "CDVCamera.m"; path = "cordova-plugin-camera/CDVCamera.m"; sourceTree = "<group>"; fileEncoding = 4; lastKnownFileType = sourcecode.c.objc; explicitFileType = undefined; includeInIndex = 0; };
		D3D15725CF804A1598E58C1E /* CDVJpegHeaderWriter.m */ = {isa = PBXFileReference; name = "CDVJpegHeaderWriter.m"; path = "cordova-plugin-camera/CDVJpegHeaderWriter.m"; sourceTree = "<group>"; fileEncoding = 4; lastKnownFileType = sourcecode.c.objc; explicitFileType = undefined; includeInIndex = 0; };
		294E6426F9704AE7AFD7E4B6 /* UIImage+CropScaleOrientation.h */ = {isa = PBXFileReference; name = "UIImage+CropScaleOrientation.h"; path = "cordova-plugin-camera/UIImage+CropScaleOrientation.h"; sourceTree = "<group>"; fileEncoding = 4; lastKnownFileType = sourcecode.c.h; explicitFileType = undefined; includeInIndex = 0; };
		8C16B38E3F504ECD8F19EA85 /* CDVCamera.h */ = {isa = PBXFileReference; name = "CDVCamera.h"; path = "cordova-plugin-camera/CDVCamera.h"; sourceTree = "<group>"; fileEncoding = 4; lastKnownFileType = sourcecode.c.h; explicitFileType = undefined; includeInIndex = 0; };
		D26156DD547D4B18815F1DCB /* CDVJpegHeaderWriter.h */ = {isa = PBXFileReference; name = "CDVJpegHeaderWriter.h"; path = "cordova-plugin-camera/CDVJpegHeaderWriter.h"; sourceTree = "<group>"; fileEncoding = 4; lastKnownFileType = sourcecode.c.h; explicitFileType = undefined; includeInIndex = 0; };
		17E111B751BB4E49BBFED930 /* CDVExif.h */ = {isa = PBXFileReference; name = "CDVExif.h"; path = "cordova-plugin-camera/CDVExif.h"; sourceTree = "<group>"; fileEncoding = 4; lastKnownFileType = sourcecode.c.h; explicitFileType = undefined; includeInIndex = 0; };
		E68F8FDA5E454F438A05B4BF /* ImageIO.framework */ = {isa = PBXFileReference; name = "ImageIO.framework"; path = "System/Library/Frameworks/ImageIO.framework"; sourceTree = SDKROOT; fileEncoding = undefined; lastKnownFileType = wrapper.framework; explicitFileType = undefined; includeInIndex = 0; };
		B47C0BE8958F4D8EB8130148 /* CoreLocation.framework */ = {isa = PBXFileReference; name = "CoreLocation.framework"; path = "System/Library/Frameworks/CoreLocation.framework"; sourceTree = SDKROOT; fileEncoding = undefined; lastKnownFileType = wrapper.framework; explicitFileType = undefined; includeInIndex = 0; };
		A7FBC51CC28D4F7F893B208C /* AVFoundation.framework */ = {isa = PBXFileReference; name = "AVFoundation.framework"; path = "System/Library/Frameworks/AVFoundation.framework"; sourceTree = SDKROOT; fileEncoding = undefined; lastKnownFileType = wrapper.framework; explicitFileType = undefined; includeInIndex = 0; };
		AD2133A06DA94FAEB3ECDE6D /* CDVLocation.m */ = {isa = PBXFileReference; name = "CDVLocation.m"; path = "cordova-plugin-geolocation/CDVLocation.m"; sourceTree = "<group>"; fileEncoding = 4; lastKnownFileType = sourcecode.c.objc; explicitFileType = undefined; includeInIndex = 0; };
		EE82D5DD51334BA48BD12F6A /* CDVLocation.h */ = {isa = PBXFileReference; name = "CDVLocation.h"; path = "cordova-plugin-geolocation/CDVLocation.h"; sourceTree = "<group>"; fileEncoding = 4; lastKnownFileType = sourcecode.c.h; explicitFileType = undefined; includeInIndex = 0; };
		27B60C7704134B3AB8D58E37 /* PluginObjects.m */ = {isa = PBXFileReference; name = "PluginObjects.m"; path = "cordova-plugin-googlemaps/PluginObjects.m"; sourceTree = "<group>"; fileEncoding = 4; lastKnownFileType = sourcecode.c.objc; explicitFileType = undefined; includeInIndex = 0; };
		FFB22A085EAB439E91D3F01E /* PluginCircle.m */ = {isa = PBXFileReference; name = "PluginCircle.m"; path = "cordova-plugin-googlemaps/PluginCircle.m"; sourceTree = "<group>"; fileEncoding = 4; lastKnownFileType = sourcecode.c.objc; explicitFileType = undefined; includeInIndex = 0; };
		6C50A70492E2484BB1D21312 /* PluginGeocoder.m */ = {isa = PBXFileReference; name = "PluginGeocoder.m"; path = "cordova-plugin-googlemaps/PluginGeocoder.m"; sourceTree = "<group>"; fileEncoding = 4; lastKnownFileType = sourcecode.c.objc; explicitFileType = undefined; includeInIndex = 0; };
		A75DC622CF3B43F68E89FD20 /* PluginLocationService.m */ = {isa = PBXFileReference; name = "PluginLocationService.m"; path = "cordova-plugin-googlemaps/PluginLocationService.m"; sourceTree = "<group>"; fileEncoding = 4; lastKnownFileType = sourcecode.c.objc; explicitFileType = undefined; includeInIndex = 0; };
		8AB8B5E13EDD47C1859A3350 /* PluginEnvironment.m */ = {isa = PBXFileReference; name = "PluginEnvironment.m"; path = "cordova-plugin-googlemaps/PluginEnvironment.m"; sourceTree = "<group>"; fileEncoding = 4; lastKnownFileType = sourcecode.c.objc; explicitFileType = undefined; includeInIndex = 0; };
		7B14ECB0C43244148E2DACC5 /* CordovaGoogleMaps.m */ = {isa = PBXFileReference; name = "CordovaGoogleMaps.m"; path = "cordova-plugin-googlemaps/CordovaGoogleMaps.m"; sourceTree = "<group>"; fileEncoding = 4; lastKnownFileType = sourcecode.c.objc; explicitFileType = undefined; includeInIndex = 0; };
		51B38A45DD544056B1C11564 /* PluginMapViewController.m */ = {isa = PBXFileReference; name = "PluginMapViewController.m"; path = "cordova-plugin-googlemaps/PluginMapViewController.m"; sourceTree = "<group>"; fileEncoding = 4; lastKnownFileType = sourcecode.c.objc; explicitFileType = undefined; includeInIndex = 0; };
		D1C01F0EA72E4C9AA2740B1D /* PluginGroundOverlay.m */ = {isa = PBXFileReference; name = "PluginGroundOverlay.m"; path = "cordova-plugin-googlemaps/PluginGroundOverlay.m"; sourceTree = "<group>"; fileEncoding = 4; lastKnownFileType = sourcecode.c.objc; explicitFileType = undefined; includeInIndex = 0; };
		2F71C5EB82BA4D5B87A98329 /* PluginKmlOverlay.m */ = {isa = PBXFileReference; name = "PluginKmlOverlay.m"; path = "cordova-plugin-googlemaps/PluginKmlOverlay.m"; sourceTree = "<group>"; fileEncoding = 4; lastKnownFileType = sourcecode.c.objc; explicitFileType = undefined; includeInIndex = 0; };
		A108863991BB44019C48D4E1 /* PluginMap.m */ = {isa = PBXFileReference; name = "PluginMap.m"; path = "cordova-plugin-googlemaps/PluginMap.m"; sourceTree = "<group>"; fileEncoding = 4; lastKnownFileType = sourcecode.c.objc; explicitFileType = undefined; includeInIndex = 0; };
		B2759AB289314D00AE4AD310 /* PluginMarker.m */ = {isa = PBXFileReference; name = "PluginMarker.m"; path = "cordova-plugin-googlemaps/PluginMarker.m"; sourceTree = "<group>"; fileEncoding = 4; lastKnownFileType = sourcecode.c.objc; explicitFileType = undefined; includeInIndex = 0; };
		F382D6AD3F084844BEEC1E1D /* PluginUtil.m */ = {isa = PBXFileReference; name = "PluginUtil.m"; path = "cordova-plugin-googlemaps/PluginUtil.m"; sourceTree = "<group>"; fileEncoding = 4; lastKnownFileType = sourcecode.c.objc; explicitFileType = undefined; includeInIndex = 0; };
		0FFE8062D6D74B2886356493 /* PluginPolygon.m */ = {isa = PBXFileReference; name = "PluginPolygon.m"; path = "cordova-plugin-googlemaps/PluginPolygon.m"; sourceTree = "<group>"; fileEncoding = 4; lastKnownFileType = sourcecode.c.objc; explicitFileType = undefined; includeInIndex = 0; };
		8E3BA19D4F0B4EE3A8E0C782 /* PluginPolyline.m */ = {isa = PBXFileReference; name = "PluginPolyline.m"; path = "cordova-plugin-googlemaps/PluginPolyline.m"; sourceTree = "<group>"; fileEncoding = 4; lastKnownFileType = sourcecode.c.objc; explicitFileType = undefined; includeInIndex = 0; };
		03D497C2783D47739D42E0BE /* PluginTileProvider.m */ = {isa = PBXFileReference; name = "PluginTileProvider.m"; path = "cordova-plugin-googlemaps/PluginTileProvider.m"; sourceTree = "<group>"; fileEncoding = 4; lastKnownFileType = sourcecode.c.objc; explicitFileType = undefined; includeInIndex = 0; };
		ACA0468A2B6D43A594C21DAB /* TBXML.m */ = {isa = PBXFileReference; name = "TBXML.m"; path = "cordova-plugin-googlemaps/TBXML.m"; sourceTree = "<group>"; fileEncoding = 4; lastKnownFileType = sourcecode.c.objc; explicitFileType = undefined; includeInIndex = 0; };
		5E2CAB984E8C485C98C85AF1 /* PluginTileOverlay.m */ = {isa = PBXFileReference; name = "PluginTileOverlay.m"; path = "cordova-plugin-googlemaps/PluginTileOverlay.m"; sourceTree = "<group>"; fileEncoding = 4; lastKnownFileType = sourcecode.c.objc; explicitFileType = undefined; includeInIndex = 0; };
		B92A63E5CB2C4AE9A254CBB2 /* GMSCoordinateBounds+Geometry.m */ = {isa = PBXFileReference; name = "GMSCoordinateBounds+Geometry.m"; path = "cordova-plugin-googlemaps/GMSCoordinateBounds+Geometry.m"; sourceTree = "<group>"; fileEncoding = 4; lastKnownFileType = sourcecode.c.objc; explicitFileType = undefined; includeInIndex = 0; };
		61BF903DB53E4E14BED29D6A /* MyPluginLayer.m */ = {isa = PBXFileReference; name = "MyPluginLayer.m"; path = "cordova-plugin-googlemaps/MyPluginLayer.m"; sourceTree = "<group>"; fileEncoding = 4; lastKnownFileType = sourcecode.c.objc; explicitFileType = undefined; includeInIndex = 0; };
		1EE33B84C3894A48B5AC82B6 /* MyPluginScrollView.m */ = {isa = PBXFileReference; name = "MyPluginScrollView.m"; path = "cordova-plugin-googlemaps/MyPluginScrollView.m"; sourceTree = "<group>"; fileEncoding = 4; lastKnownFileType = sourcecode.c.objc; explicitFileType = undefined; includeInIndex = 0; };
		1515A7FD7A6E46759B21F082 /* PluginMarkerCluster.m */ = {isa = PBXFileReference; name = "PluginMarkerCluster.m"; path = "cordova-plugin-googlemaps/PluginMarkerCluster.m"; sourceTree = "<group>"; fileEncoding = 4; lastKnownFileType = sourcecode.c.objc; explicitFileType = undefined; includeInIndex = 0; };
		BF1A8A5A7E5543C3B302ACAF /* UIImageCache.m */ = {isa = PBXFileReference; name = "UIImageCache.m"; path = "cordova-plugin-googlemaps/UIImageCache.m"; sourceTree = "<group>"; fileEncoding = 4; lastKnownFileType = sourcecode.c.objc; explicitFileType = undefined; includeInIndex = 0; };
		3B32194C7ADF4256950F07D3 /* PluginStreetViewPanorama.m */ = {isa = PBXFileReference; name = "PluginStreetViewPanorama.m"; path = "cordova-plugin-googlemaps/PluginStreetViewPanorama.m"; sourceTree = "<group>"; fileEncoding = 4; lastKnownFileType = sourcecode.c.objc; explicitFileType = undefined; includeInIndex = 0; };
		6B5CEA26475A41D3B7232E52 /* PluginStreetViewPanoramaController.m */ = {isa = PBXFileReference; name = "PluginStreetViewPanoramaController.m"; path = "cordova-plugin-googlemaps/PluginStreetViewPanoramaController.m"; sourceTree = "<group>"; fileEncoding = 4; lastKnownFileType = sourcecode.c.objc; explicitFileType = undefined; includeInIndex = 0; };
		E05A7DD0BB7F4D81A8EF28BC /* PluginViewController.m */ = {isa = PBXFileReference; name = "PluginViewController.m"; path = "cordova-plugin-googlemaps/PluginViewController.m"; sourceTree = "<group>"; fileEncoding = 4; lastKnownFileType = sourcecode.c.objc; explicitFileType = undefined; includeInIndex = 0; };
		233A4F7552E64BE195C1600B /* PluginObjects.h */ = {isa = PBXFileReference; name = "PluginObjects.h"; path = "cordova-plugin-googlemaps/PluginObjects.h"; sourceTree = "<group>"; fileEncoding = 4; lastKnownFileType = sourcecode.c.h; explicitFileType = undefined; includeInIndex = 0; };
		577F0763E36647C9949CF5B2 /* PluginCircle.h */ = {isa = PBXFileReference; name = "PluginCircle.h"; path = "cordova-plugin-googlemaps/PluginCircle.h"; sourceTree = "<group>"; fileEncoding = 4; lastKnownFileType = sourcecode.c.h; explicitFileType = undefined; includeInIndex = 0; };
		FAC0EE99B4284FA0A67637E1 /* PluginGeocoder.h */ = {isa = PBXFileReference; name = "PluginGeocoder.h"; path = "cordova-plugin-googlemaps/PluginGeocoder.h"; sourceTree = "<group>"; fileEncoding = 4; lastKnownFileType = sourcecode.c.h; explicitFileType = undefined; includeInIndex = 0; };
		857EA6FBEF4F457AA5AFEF25 /* PluginLocationService.h */ = {isa = PBXFileReference; name = "PluginLocationService.h"; path = "cordova-plugin-googlemaps/PluginLocationService.h"; sourceTree = "<group>"; fileEncoding = 4; lastKnownFileType = sourcecode.c.h; explicitFileType = undefined; includeInIndex = 0; };
		BECF59759CC04B8F93CFCCD6 /* PluginEnvironment.h */ = {isa = PBXFileReference; name = "PluginEnvironment.h"; path = "cordova-plugin-googlemaps/PluginEnvironment.h"; sourceTree = "<group>"; fileEncoding = 4; lastKnownFileType = sourcecode.c.h; explicitFileType = undefined; includeInIndex = 0; };
		EB5BCD7BF17A43458FFFC22E /* CordovaGoogleMaps.h */ = {isa = PBXFileReference; name = "CordovaGoogleMaps.h"; path = "cordova-plugin-googlemaps/CordovaGoogleMaps.h"; sourceTree = "<group>"; fileEncoding = 4; lastKnownFileType = sourcecode.c.h; explicitFileType = undefined; includeInIndex = 0; };
		5FEFE124EE9A43C3BA9617F7 /* PluginMapViewController.h */ = {isa = PBXFileReference; name = "PluginMapViewController.h"; path = "cordova-plugin-googlemaps/PluginMapViewController.h"; sourceTree = "<group>"; fileEncoding = 4; lastKnownFileType = sourcecode.c.h; explicitFileType = undefined; includeInIndex = 0; };
		DF7D5C9D8B7340FDAB3D1F86 /* PluginGroundOverlay.h */ = {isa = PBXFileReference; name = "PluginGroundOverlay.h"; path = "cordova-plugin-googlemaps/PluginGroundOverlay.h"; sourceTree = "<group>"; fileEncoding = 4; lastKnownFileType = sourcecode.c.h; explicitFileType = undefined; includeInIndex = 0; };
		19491F6B343B49B2B90E4C13 /* PluginKmlOverlay.h */ = {isa = PBXFileReference; name = "PluginKmlOverlay.h"; path = "cordova-plugin-googlemaps/PluginKmlOverlay.h"; sourceTree = "<group>"; fileEncoding = 4; lastKnownFileType = sourcecode.c.h; explicitFileType = undefined; includeInIndex = 0; };
		6DAD0CCC2DAA41FEA3809DEB /* PluginMap.h */ = {isa = PBXFileReference; name = "PluginMap.h"; path = "cordova-plugin-googlemaps/PluginMap.h"; sourceTree = "<group>"; fileEncoding = 4; lastKnownFileType = sourcecode.c.h; explicitFileType = undefined; includeInIndex = 0; };
		AC1B7169CB95429585B09DAE /* PluginMarker.h */ = {isa = PBXFileReference; name = "PluginMarker.h"; path = "cordova-plugin-googlemaps/PluginMarker.h"; sourceTree = "<group>"; fileEncoding = 4; lastKnownFileType = sourcecode.c.h; explicitFileType = undefined; includeInIndex = 0; };
		AFEB29C987D946B9B7837AD3 /* PluginUtil.h */ = {isa = PBXFileReference; name = "PluginUtil.h"; path = "cordova-plugin-googlemaps/PluginUtil.h"; sourceTree = "<group>"; fileEncoding = 4; lastKnownFileType = sourcecode.c.h; explicitFileType = undefined; includeInIndex = 0; };
		647592508FD843E19CF740E6 /* PluginPolygon.h */ = {isa = PBXFileReference; name = "PluginPolygon.h"; path = "cordova-plugin-googlemaps/PluginPolygon.h"; sourceTree = "<group>"; fileEncoding = 4; lastKnownFileType = sourcecode.c.h; explicitFileType = undefined; includeInIndex = 0; };
		DD9FB128B07D4873B3182959 /* PluginPolyline.h */ = {isa = PBXFileReference; name = "PluginPolyline.h"; path = "cordova-plugin-googlemaps/PluginPolyline.h"; sourceTree = "<group>"; fileEncoding = 4; lastKnownFileType = sourcecode.c.h; explicitFileType = undefined; includeInIndex = 0; };
		04F81ABA2B34401C858209CE /* PluginTileProvider.h */ = {isa = PBXFileReference; name = "PluginTileProvider.h"; path = "cordova-plugin-googlemaps/PluginTileProvider.h"; sourceTree = "<group>"; fileEncoding = 4; lastKnownFileType = sourcecode.c.h; explicitFileType = undefined; includeInIndex = 0; };
		1F14228B4A3449E7915F6BC6 /* TBXML.h */ = {isa = PBXFileReference; name = "TBXML.h"; path = "cordova-plugin-googlemaps/TBXML.h"; sourceTree = "<group>"; fileEncoding = 4; lastKnownFileType = sourcecode.c.h; explicitFileType = undefined; includeInIndex = 0; };
		9B4A883BC30B4B69B4AD40F5 /* PluginTileOverlay.h */ = {isa = PBXFileReference; name = "PluginTileOverlay.h"; path = "cordova-plugin-googlemaps/PluginTileOverlay.h"; sourceTree = "<group>"; fileEncoding = 4; lastKnownFileType = sourcecode.c.h; explicitFileType = undefined; includeInIndex = 0; };
		9A5AF6D6B79B44C9BE005861 /* GMSCoordinateBounds+Geometry.h */ = {isa = PBXFileReference; name = "GMSCoordinateBounds+Geometry.h"; path = "cordova-plugin-googlemaps/GMSCoordinateBounds+Geometry.h"; sourceTree = "<group>"; fileEncoding = 4; lastKnownFileType = sourcecode.c.h; explicitFileType = undefined; includeInIndex = 0; };
		E3B78B14BEF646B08FE0F97B /* MyPluginLayer.h */ = {isa = PBXFileReference; name = "MyPluginLayer.h"; path = "cordova-plugin-googlemaps/MyPluginLayer.h"; sourceTree = "<group>"; fileEncoding = 4; lastKnownFileType = sourcecode.c.h; explicitFileType = undefined; includeInIndex = 0; };
		85988524F9D34205B07E8C65 /* MyPluginScrollView.h */ = {isa = PBXFileReference; name = "MyPluginScrollView.h"; path = "cordova-plugin-googlemaps/MyPluginScrollView.h"; sourceTree = "<group>"; fileEncoding = 4; lastKnownFileType = sourcecode.c.h; explicitFileType = undefined; includeInIndex = 0; };
		41EC779CB1F84CF0BCB053AC /* PluginMarkerCluster.h */ = {isa = PBXFileReference; name = "PluginMarkerCluster.h"; path = "cordova-plugin-googlemaps/PluginMarkerCluster.h"; sourceTree = "<group>"; fileEncoding = 4; lastKnownFileType = sourcecode.c.h; explicitFileType = undefined; includeInIndex = 0; };
		A2358BFCAF55460D9F21B963 /* UIImageCache.h */ = {isa = PBXFileReference; name = "UIImageCache.h"; path = "cordova-plugin-googlemaps/UIImageCache.h"; sourceTree = "<group>"; fileEncoding = 4; lastKnownFileType = sourcecode.c.h; explicitFileType = undefined; includeInIndex = 0; };
		553AB3682CF24E9EA541A6D5 /* PluginStreetViewPanorama.h */ = {isa = PBXFileReference; name = "PluginStreetViewPanorama.h"; path = "cordova-plugin-googlemaps/PluginStreetViewPanorama.h"; sourceTree = "<group>"; fileEncoding = 4; lastKnownFileType = sourcecode.c.h; explicitFileType = undefined; includeInIndex = 0; };
		9DCE8D1B9B104B8E917B7110 /* PluginStreetViewPanoramaController.h */ = {isa = PBXFileReference; name = "PluginStreetViewPanoramaController.h"; path = "cordova-plugin-googlemaps/PluginStreetViewPanoramaController.h"; sourceTree = "<group>"; fileEncoding = 4; lastKnownFileType = sourcecode.c.h; explicitFileType = undefined; includeInIndex = 0; };
		61BF5F360A064EAA81BFC677 /* PluginViewController.h */ = {isa = PBXFileReference; name = "PluginViewController.h"; path = "cordova-plugin-googlemaps/PluginViewController.h"; sourceTree = "<group>"; fileEncoding = 4; lastKnownFileType = sourcecode.c.h; explicitFileType = undefined; includeInIndex = 0; };
		B8991CAD7D464D32B4FF9CB6 /* IPluginView.h */ = {isa = PBXFileReference; name = "IPluginView.h"; path = "cordova-plugin-googlemaps/IPluginView.h"; sourceTree = "<group>"; fileEncoding = 4; lastKnownFileType = sourcecode.c.h; explicitFileType = undefined; includeInIndex = 0; };
		3CAC0FD2E9E54A3D862BAE31 /* IPluginProtocol.h */ = {isa = PBXFileReference; name = "IPluginProtocol.h"; path = "cordova-plugin-googlemaps/IPluginProtocol.h"; sourceTree = "<group>"; fileEncoding = 4; lastKnownFileType = sourcecode.c.h; explicitFileType = undefined; includeInIndex = 0; };
		9049D03A4D1D45598C81FF7A /* pgm_Localizable_en.json */ = {isa = PBXFileReference; name = "pgm_Localizable_en.json"; path = "pgm_Localizable_en.json"; sourceTree = "<group>"; fileEncoding = undefined; lastKnownFileType = unknown; explicitFileType = undefined; includeInIndex = 0; };
		FC7AFFAEBF9142469CAF5DEB /* pgm_Localizable_es.json */ = {isa = PBXFileReference; name = "pgm_Localizable_es.json"; path = "pgm_Localizable_es.json"; sourceTree = "<group>"; fileEncoding = undefined; lastKnownFileType = unknown; explicitFileType = undefined; includeInIndex = 0; };
		0AFB87EE81354BBCAF02A55D /* pgm_Localizable_ja.json */ = {isa = PBXFileReference; name = "pgm_Localizable_ja.json"; path = "pgm_Localizable_ja.json"; sourceTree = "<group>"; fileEncoding = undefined; lastKnownFileType = unknown; explicitFileType = undefined; includeInIndex = 0; };
		32918A7F1DEB421094EA0C7E /* pgm_Localizable_ru.json */ = {isa = PBXFileReference; name = "pgm_Localizable_ru.json"; path = "pgm_Localizable_ru.json"; sourceTree = "<group>"; fileEncoding = undefined; lastKnownFileType = unknown; explicitFileType = undefined; includeInIndex = 0; };
		FBCE20F1850040AA85FC4FBB /* pgm_Localizable_uk.json */ = {isa = PBXFileReference; name = "pgm_Localizable_uk.json"; path = "pgm_Localizable_uk.json"; sourceTree = "<group>"; fileEncoding = undefined; lastKnownFileType = unknown; explicitFileType = undefined; includeInIndex = 0; };
		79C8B0DB636445EBA9E45D32 /* pgm_Localizable_pt-BR.json */ = {isa = PBXFileReference; name = "pgm_Localizable_pt-BR.json"; path = "pgm_Localizable_pt-BR.json"; sourceTree = "<group>"; fileEncoding = undefined; lastKnownFileType = unknown; explicitFileType = undefined; includeInIndex = 0; };
		618F283203744C3A9BCABB1B /* pgm_Localizable_de.json */ = {isa = PBXFileReference; name = "pgm_Localizable_de.json"; path = "pgm_Localizable_de.json"; sourceTree = "<group>"; fileEncoding = undefined; lastKnownFileType = unknown; explicitFileType = undefined; includeInIndex = 0; };
		28C4B498F6DD48AC8620C519 /* pgm_Localizable_fr.json */ = {isa = PBXFileReference; name = "pgm_Localizable_fr.json"; path = "pgm_Localizable_fr.json"; sourceTree = "<group>"; fileEncoding = undefined; lastKnownFileType = unknown; explicitFileType = undefined; includeInIndex = 0; };
		517C7E325D5E4371843058D4 /* pgm_Localizable_hi.json */ = {isa = PBXFileReference; name = "pgm_Localizable_hi.json"; path = "pgm_Localizable_hi.json"; sourceTree = "<group>"; fileEncoding = undefined; lastKnownFileType = unknown; explicitFileType = undefined; includeInIndex = 0; };
		B6714E36E91244D6BAEE1CA7 /* pgm_Localizable_ar.json */ = {isa = PBXFileReference; name = "pgm_Localizable_ar.json"; path = "pgm_Localizable_ar.json"; sourceTree = "<group>"; fileEncoding = undefined; lastKnownFileType = unknown; explicitFileType = undefined; includeInIndex = 0; };
		8BFF6AA47AB14589A7AE8DD8 /* pgm_Localizable_nl.json */ = {isa = PBXFileReference; name = "pgm_Localizable_nl.json"; path = "pgm_Localizable_nl.json"; sourceTree = "<group>"; fileEncoding = undefined; lastKnownFileType = unknown; explicitFileType = undefined; includeInIndex = 0; };
		E1C667DF6FA24739BBD88DC9 /* pgm_Localizable_pl.json */ = {isa = PBXFileReference; name = "pgm_Localizable_pl.json"; path = "pgm_Localizable_pl.json"; sourceTree = "<group>"; fileEncoding = undefined; lastKnownFileType = unknown; explicitFileType = undefined; includeInIndex = 0; };
		3EBA6D9782084E5AB191D764 /* pgm_Localizable_da.json */ = {isa = PBXFileReference; name = "pgm_Localizable_da.json"; path = "pgm_Localizable_da.json"; sourceTree = "<group>"; fileEncoding = undefined; lastKnownFileType = unknown; explicitFileType = undefined; includeInIndex = 0; };
		DCD528E96FC94EF3940F5421 /* pgm_Localizable_vi.json */ = {isa = PBXFileReference; name = "pgm_Localizable_vi.json"; path = "pgm_Localizable_vi.json"; sourceTree = "<group>"; fileEncoding = undefined; lastKnownFileType = unknown; explicitFileType = undefined; includeInIndex = 0; };
		CAEA1BD70F0A4F46898C18EE /* CDVInAppBrowserOptions.m */ = {isa = PBXFileReference; name = "CDVInAppBrowserOptions.m"; path = "cordova-plugin-inappbrowser/CDVInAppBrowserOptions.m"; sourceTree = "<group>"; fileEncoding = 4; lastKnownFileType = sourcecode.c.objc; explicitFileType = undefined; includeInIndex = 0; };
		B99422FF63D341B0B0896B5E /* CDVInAppBrowserNavigationController.m */ = {isa = PBXFileReference; name = "CDVInAppBrowserNavigationController.m"; path = "cordova-plugin-inappbrowser/CDVInAppBrowserNavigationController.m"; sourceTree = "<group>"; fileEncoding = 4; lastKnownFileType = sourcecode.c.objc; explicitFileType = undefined; includeInIndex = 0; };
		4150738BF61A4DABAAF46757 /* CDVWKInAppBrowser.m */ = {isa = PBXFileReference; name = "CDVWKInAppBrowser.m"; path = "cordova-plugin-inappbrowser/CDVWKInAppBrowser.m"; sourceTree = "<group>"; fileEncoding = 4; lastKnownFileType = sourcecode.c.objc; explicitFileType = undefined; includeInIndex = 0; };
		67C80BBD00D64297B9BC3C1C /* CDVWKInAppBrowserUIDelegate.m */ = {isa = PBXFileReference; name = "CDVWKInAppBrowserUIDelegate.m"; path = "cordova-plugin-inappbrowser/CDVWKInAppBrowserUIDelegate.m"; sourceTree = "<group>"; fileEncoding = 4; lastKnownFileType = sourcecode.c.objc; explicitFileType = undefined; includeInIndex = 0; };
		A188BEB563774DD5B0FD5C53 /* CDVInAppBrowserOptions.h */ = {isa = PBXFileReference; name = "CDVInAppBrowserOptions.h"; path = "cordova-plugin-inappbrowser/CDVInAppBrowserOptions.h"; sourceTree = "<group>"; fileEncoding = 4; lastKnownFileType = sourcecode.c.h; explicitFileType = undefined; includeInIndex = 0; };
		D6BE944D847747E0B9A1E5BE /* CDVInAppBrowserNavigationController.h */ = {isa = PBXFileReference; name = "CDVInAppBrowserNavigationController.h"; path = "cordova-plugin-inappbrowser/CDVInAppBrowserNavigationController.h"; sourceTree = "<group>"; fileEncoding = 4; lastKnownFileType = sourcecode.c.h; explicitFileType = undefined; includeInIndex = 0; };
		09683DCD66824EB58C957469 /* CDVWKInAppBrowser.h */ = {isa = PBXFileReference; name = "CDVWKInAppBrowser.h"; path = "cordova-plugin-inappbrowser/CDVWKInAppBrowser.h"; sourceTree = "<group>"; fileEncoding = 4; lastKnownFileType = sourcecode.c.h; explicitFileType = undefined; includeInIndex = 0; };
		C8EDCAE3B5FA4DDB9C3A72D6 /* CDVWKInAppBrowserUIDelegate.h */ = {isa = PBXFileReference; name = "CDVWKInAppBrowserUIDelegate.h"; path = "cordova-plugin-inappbrowser/CDVWKInAppBrowserUIDelegate.h"; sourceTree = "<group>"; fileEncoding = 4; lastKnownFileType = sourcecode.c.h; explicitFileType = undefined; includeInIndex = 0; };
/* End PBXFileReference section */

/* Begin PBXFrameworksBuildPhase section */
		1D60588F0D05DD3D006BFB54 /* Frameworks */ = {
			isa = PBXFrameworksBuildPhase;
			buildActionMask = 2147483647;
			files = (
				301BF552109A68D80062928A /* libCordova.a in Frameworks */,
				E9A2B84F256B41508698459C /* ImageIO.framework in Frameworks */,
				553D5140763944908FD36CFE /* CoreLocation.framework in Frameworks */,
				F1CF74DE2CC6469E8A2A2E31 /* AVFoundation.framework in Frameworks */,
			);
			runOnlyForDeploymentPostprocessing = 0;
		};
/* End PBXFrameworksBuildPhase section */

/* Begin PBXGroup section */
		080E96DDFE201D6D7F000001 /* Classes */ = {
			isa = PBXGroup;
			children = (
				302D95EE14D2391D003F00A1 /* MainViewController.h */,
				302D95EF14D2391D003F00A1 /* MainViewController.m */,
				302D95F014D2391D003F00A1 /* MainViewController.xib */,
				1D3623240D0F684500981E51 /* AppDelegate.h */,
				1D3623250D0F684500981E51 /* AppDelegate.m */,
			);
			name = Classes;
			path = "Exploration Dashboard Monitoring/Classes";
			sourceTree = SOURCE_ROOT;
		};
		19C28FACFE9D520D11CA2CBB /* Products */ = {
			isa = PBXGroup;
			children = (
				1D6058910D05DD3D006BFB54 /* Exploration Dashboard Monitoring.app */,
			);
			name = Products;
			sourceTree = "<group>";
		};
		29B97314FDCFA39411CA2CEA /* CustomTemplate */ = {
			isa = PBXGroup;
			children = (
				EB87FDF41871DAF40020F90C /* config.xml */,
				EB87FDF31871DA8E0020F90C /* www */,
				EB87FDF11871DA420020F90C /* Staging */,
				301BF52D109A57CC0062928A /* CordovaLib/CordovaLib.xcodeproj */,
				080E96DDFE201D6D7F000001 /* Classes */,
				307C750510C5A3420062BCA9 /* Plugins */,
				29B97315FDCFA39411CA2CEA /* Other Sources */,
				29B97317FDCFA39411CA2CEA /* Resources */,
				29B97323FDCFA39411CA2CEA /* Frameworks */,
				19C28FACFE9D520D11CA2CBB /* Products */,
			);
			name = CustomTemplate;
			sourceTree = "<group>";
		};
		29B97315FDCFA39411CA2CEA /* Other Sources */ = {
			isa = PBXGroup;
			children = (
				32CA4F630368D1EE00C91783 /* Exploration Dashboard Monitoring-Prefix.pch */,
				29B97316FDCFA39411CA2CEA /* main.m */,
				ED33DF2A687741AEAF9F8254 /* Bridging-Header.h */,
			);
			name = "Other Sources";
			path = "Exploration Dashboard Monitoring";
			sourceTree = "<group>";
		};
		29B97317FDCFA39411CA2CEA /* Resources */ = {
			isa = PBXGroup;
			children = (
				0207DA571B56EA530066E2B4 /* Images.xcassets */,
				3047A50E1AB8057F00498E2A /* config */,
				8D1107310486CEB800E47090 /* Exploration Dashboard Monitoring-Info.plist */,
				6AFF5BF81D6E424B00AB3073 /* CDVLaunchScreen.storyboard */,
				9049D03A4D1D45598C81FF7A /* pgm_Localizable_en.json */,
				FC7AFFAEBF9142469CAF5DEB /* pgm_Localizable_es.json */,
				0AFB87EE81354BBCAF02A55D /* pgm_Localizable_ja.json */,
				32918A7F1DEB421094EA0C7E /* pgm_Localizable_ru.json */,
				FBCE20F1850040AA85FC4FBB /* pgm_Localizable_uk.json */,
				79C8B0DB636445EBA9E45D32 /* pgm_Localizable_pt-BR.json */,
				618F283203744C3A9BCABB1B /* pgm_Localizable_de.json */,
				28C4B498F6DD48AC8620C519 /* pgm_Localizable_fr.json */,
				517C7E325D5E4371843058D4 /* pgm_Localizable_hi.json */,
				B6714E36E91244D6BAEE1CA7 /* pgm_Localizable_ar.json */,
				8BFF6AA47AB14589A7AE8DD8 /* pgm_Localizable_nl.json */,
				E1C667DF6FA24739BBD88DC9 /* pgm_Localizable_pl.json */,
				3EBA6D9782084E5AB191D764 /* pgm_Localizable_da.json */,
				DCD528E96FC94EF3940F5421 /* pgm_Localizable_vi.json */,
			);
			name = Resources;
			path = "Exploration Dashboard Monitoring/Resources";
			sourceTree = "<group>";
		};
		29B97323FDCFA39411CA2CEA /* Frameworks */ = {
			isa = PBXGroup;
			children = (
				E68F8FDA5E454F438A05B4BF /* ImageIO.framework */,
				B47C0BE8958F4D8EB8130148 /* CoreLocation.framework */,
				A7FBC51CC28D4F7F893B208C /* AVFoundation.framework */,
			);
			name = Frameworks;
			sourceTree = "<group>";
		};
		301BF52E109A57CC0062928A /* Products */ = {
			isa = PBXGroup;
			children = (
				301BF535109A57CC0062928A /* libCordova.a */,
				907D8124214C687600058A10 /* Cordova.framework */,
			);
			name = Products;
			sourceTree = "<group>";
		};
		3047A50E1AB8057F00498E2A /* config */ = {
			isa = PBXGroup;
			children = (
				3047A50F1AB8059700498E2A /* build-debug.xcconfig */,
				3047A5101AB8059700498E2A /* build-release.xcconfig */,
				3047A5111AB8059700498E2A /* build.xcconfig */,
			);
			name = config;
			sourceTree = "<group>";
		};
		307C750510C5A3420062BCA9 /* Plugins */ = {
			isa = PBXGroup;
			children = (
				CD28CCD177EC4639B3B40343 /* UIImage+CropScaleOrientation.m */,
				4A08C6CC5A9349C184EF1249 /* CDVCamera.m */,
				D3D15725CF804A1598E58C1E /* CDVJpegHeaderWriter.m */,
				294E6426F9704AE7AFD7E4B6 /* UIImage+CropScaleOrientation.h */,
				8C16B38E3F504ECD8F19EA85 /* CDVCamera.h */,
				D26156DD547D4B18815F1DCB /* CDVJpegHeaderWriter.h */,
				17E111B751BB4E49BBFED930 /* CDVExif.h */,
				AD2133A06DA94FAEB3ECDE6D /* CDVLocation.m */,
				EE82D5DD51334BA48BD12F6A /* CDVLocation.h */,
				27B60C7704134B3AB8D58E37 /* PluginObjects.m */,
				FFB22A085EAB439E91D3F01E /* PluginCircle.m */,
				6C50A70492E2484BB1D21312 /* PluginGeocoder.m */,
				A75DC622CF3B43F68E89FD20 /* PluginLocationService.m */,
				8AB8B5E13EDD47C1859A3350 /* PluginEnvironment.m */,
				7B14ECB0C43244148E2DACC5 /* CordovaGoogleMaps.m */,
				51B38A45DD544056B1C11564 /* PluginMapViewController.m */,
				D1C01F0EA72E4C9AA2740B1D /* PluginGroundOverlay.m */,
				2F71C5EB82BA4D5B87A98329 /* PluginKmlOverlay.m */,
				A108863991BB44019C48D4E1 /* PluginMap.m */,
				B2759AB289314D00AE4AD310 /* PluginMarker.m */,
				F382D6AD3F084844BEEC1E1D /* PluginUtil.m */,
				0FFE8062D6D74B2886356493 /* PluginPolygon.m */,
				8E3BA19D4F0B4EE3A8E0C782 /* PluginPolyline.m */,
				03D497C2783D47739D42E0BE /* PluginTileProvider.m */,
				ACA0468A2B6D43A594C21DAB /* TBXML.m */,
				5E2CAB984E8C485C98C85AF1 /* PluginTileOverlay.m */,
				B92A63E5CB2C4AE9A254CBB2 /* GMSCoordinateBounds+Geometry.m */,
				61BF903DB53E4E14BED29D6A /* MyPluginLayer.m */,
				1EE33B84C3894A48B5AC82B6 /* MyPluginScrollView.m */,
				1515A7FD7A6E46759B21F082 /* PluginMarkerCluster.m */,
				BF1A8A5A7E5543C3B302ACAF /* UIImageCache.m */,
				3B32194C7ADF4256950F07D3 /* PluginStreetViewPanorama.m */,
				6B5CEA26475A41D3B7232E52 /* PluginStreetViewPanoramaController.m */,
				E05A7DD0BB7F4D81A8EF28BC /* PluginViewController.m */,
				233A4F7552E64BE195C1600B /* PluginObjects.h */,
				577F0763E36647C9949CF5B2 /* PluginCircle.h */,
				FAC0EE99B4284FA0A67637E1 /* PluginGeocoder.h */,
				857EA6FBEF4F457AA5AFEF25 /* PluginLocationService.h */,
				BECF59759CC04B8F93CFCCD6 /* PluginEnvironment.h */,
				EB5BCD7BF17A43458FFFC22E /* CordovaGoogleMaps.h */,
				5FEFE124EE9A43C3BA9617F7 /* PluginMapViewController.h */,
				DF7D5C9D8B7340FDAB3D1F86 /* PluginGroundOverlay.h */,
				19491F6B343B49B2B90E4C13 /* PluginKmlOverlay.h */,
				6DAD0CCC2DAA41FEA3809DEB /* PluginMap.h */,
				AC1B7169CB95429585B09DAE /* PluginMarker.h */,
				AFEB29C987D946B9B7837AD3 /* PluginUtil.h */,
				647592508FD843E19CF740E6 /* PluginPolygon.h */,
				DD9FB128B07D4873B3182959 /* PluginPolyline.h */,
				04F81ABA2B34401C858209CE /* PluginTileProvider.h */,
				1F14228B4A3449E7915F6BC6 /* TBXML.h */,
				9B4A883BC30B4B69B4AD40F5 /* PluginTileOverlay.h */,
				9A5AF6D6B79B44C9BE005861 /* GMSCoordinateBounds+Geometry.h */,
				E3B78B14BEF646B08FE0F97B /* MyPluginLayer.h */,
				85988524F9D34205B07E8C65 /* MyPluginScrollView.h */,
				41EC779CB1F84CF0BCB053AC /* PluginMarkerCluster.h */,
				A2358BFCAF55460D9F21B963 /* UIImageCache.h */,
				553AB3682CF24E9EA541A6D5 /* PluginStreetViewPanorama.h */,
				9DCE8D1B9B104B8E917B7110 /* PluginStreetViewPanoramaController.h */,
				61BF5F360A064EAA81BFC677 /* PluginViewController.h */,
				B8991CAD7D464D32B4FF9CB6 /* IPluginView.h */,
				3CAC0FD2E9E54A3D862BAE31 /* IPluginProtocol.h */,
				CAEA1BD70F0A4F46898C18EE /* CDVInAppBrowserOptions.m */,
				B99422FF63D341B0B0896B5E /* CDVInAppBrowserNavigationController.m */,
				4150738BF61A4DABAAF46757 /* CDVWKInAppBrowser.m */,
				67C80BBD00D64297B9BC3C1C /* CDVWKInAppBrowserUIDelegate.m */,
				A188BEB563774DD5B0FD5C53 /* CDVInAppBrowserOptions.h */,
				D6BE944D847747E0B9A1E5BE /* CDVInAppBrowserNavigationController.h */,
				09683DCD66824EB58C957469 /* CDVWKInAppBrowser.h */,
				C8EDCAE3B5FA4DDB9C3A72D6 /* CDVWKInAppBrowserUIDelegate.h */,
			);
			name = Plugins;
			path = "Exploration Dashboard Monitoring/Plugins";
			sourceTree = SOURCE_ROOT;
		};
		EB87FDF11871DA420020F90C /* Staging */ = {
			isa = PBXGroup;
			children = (
				F840E1F0165FE0F500CFE078 /* config.xml */,
				301BF56E109A69640062928A /* www */,
			);
			name = Staging;
			sourceTree = "<group>";
		};
/* End PBXGroup section */

/* Begin PBXNativeTarget section */
		1D6058900D05DD3D006BFB54 /* Exploration Dashboard Monitoring */ = {
			isa = PBXNativeTarget;
			buildConfigurationList = 1D6058960D05DD3E006BFB54 /* Build configuration list for PBXNativeTarget "Exploration Dashboard Monitoring" */;
			buildPhases = (
				304B58A110DAC018002A0835 /* Copy www directory */,
				1D60588D0D05DD3D006BFB54 /* Resources */,
				1D60588E0D05DD3D006BFB54 /* Sources */,
				1D60588F0D05DD3D006BFB54 /* Frameworks */,
			);
			buildRules = (
			);
			dependencies = (
				301BF551109A68C00062928A /* PBXTargetDependency */,
			);
			name = "Exploration Dashboard Monitoring";
			productName = "Exploration Dashboard Monitoring";
			productReference = 1D6058910D05DD3D006BFB54 /* Exploration Dashboard Monitoring.app */;
			productType = "com.apple.product-type.application";
		};
/* End PBXNativeTarget section */

/* Begin PBXProject section */
		29B97313FDCFA39411CA2CEA /* Project object */ = {
			isa = PBXProject;
			attributes = {
				LastUpgradeCheck = 1130;
				TargetAttributes = {
					1D6058900D05DD3D006BFB54 = {
						ProvisioningStyle = Automatic;
					};
				};
			};
			buildConfigurationList = C01FCF4E08A954540054247B /* Build configuration list for PBXProject "Exploration Dashboard Monitoring" */;
			compatibilityVersion = "Xcode 11.0";
			developmentRegion = en;
			hasScannedForEncodings = 1;
			knownRegions = (
				en,
				Base,
			);
			mainGroup = 29B97314FDCFA39411CA2CEA /* CustomTemplate */;
			projectDirPath = "";
			projectReferences = (
				{
					ProductGroup = 301BF52E109A57CC0062928A /* Products */;
					ProjectRef = 301BF52D109A57CC0062928A /* CordovaLib/CordovaLib.xcodeproj */;
				},
			);
			projectRoot = "";
			targets = (
				1D6058900D05DD3D006BFB54 /* Exploration Dashboard Monitoring */,
			);
		};
/* End PBXProject section */

/* Begin PBXReferenceProxy section */
		301BF535109A57CC0062928A /* libCordova.a */ = {
			isa = PBXReferenceProxy;
			fileType = archive.ar;
			path = libCordova.a;
			remoteRef = 301BF534109A57CC0062928A /* PBXContainerItemProxy */;
			sourceTree = BUILT_PRODUCTS_DIR;
		};
		907D8124214C687600058A10 /* Cordova.framework */ = {
			isa = PBXReferenceProxy;
			fileType = wrapper.framework;
			path = Cordova.framework;
			remoteRef = 907D8123214C687600058A10 /* PBXContainerItemProxy */;
			sourceTree = BUILT_PRODUCTS_DIR;
		};
/* End PBXReferenceProxy section */

/* Begin PBXResourcesBuildPhase section */
		1D60588D0D05DD3D006BFB54 /* Resources */ = {
			isa = PBXResourcesBuildPhase;
			buildActionMask = 2147483647;
			files = (
				302D95F214D2391D003F00A1 /* MainViewController.xib in Resources */,
				0207DA581B56EA530066E2B4 /* Images.xcassets in Resources */,
				6AFF5BF91D6E424B00AB3073 /* CDVLaunchScreen.storyboard in Resources */,
				A45B7CBB8EAD4A55B106912A /* pgm_Localizable_en.json in Resources */,
				A25FC3276B2B42839BDADFE7 /* pgm_Localizable_es.json in Resources */,
				0FEEAF1AA24944B891FA1C17 /* pgm_Localizable_ja.json in Resources */,
				9770D21C3D914FEF89A4E4E4 /* pgm_Localizable_ru.json in Resources */,
				601F27DDCF0347FFB29F602B /* pgm_Localizable_uk.json in Resources */,
				8ED325B14BAF491186B0E410 /* pgm_Localizable_pt-BR.json in Resources */,
				C8A37E29B06F4549B8059B91 /* pgm_Localizable_de.json in Resources */,
				D979119CF2A84959B56F17F7 /* pgm_Localizable_fr.json in Resources */,
				E516BDF2F30D4C3380483DFC /* pgm_Localizable_hi.json in Resources */,
				102526DF23B74F59890E3C9A /* pgm_Localizable_ar.json in Resources */,
				02FCA0AE0F764AC68552444D /* pgm_Localizable_nl.json in Resources */,
				040DE832240B447EA9BBEEFA /* pgm_Localizable_pl.json in Resources */,
				8B9CF64195544493AC511D13 /* pgm_Localizable_da.json in Resources */,
				7C55C7FCF588452BB65ED232 /* pgm_Localizable_vi.json in Resources */,
			);
			runOnlyForDeploymentPostprocessing = 0;
		};
/* End PBXResourcesBuildPhase section */

/* Begin PBXShellScriptBuildPhase section */
		304B58A110DAC018002A0835 /* Copy www directory */ = {
			isa = PBXShellScriptBuildPhase;
			buildActionMask = 2147483647;
			files = (
			);
			inputPaths = (
			);
			name = "Copy www directory";
			outputPaths = (
			);
			runOnlyForDeploymentPostprocessing = 0;
			shellPath = /bin/sh;
			shellScript = "\"$SRCROOT/Exploration Dashboard Monitoring/Scripts/copy-www-build-step.sh\"";
			showEnvVarsInLog = 0;
		};
/* End PBXShellScriptBuildPhase section */

/* Begin PBXSourcesBuildPhase section */
		1D60588E0D05DD3D006BFB54 /* Sources */ = {
			isa = PBXSourcesBuildPhase;
			buildActionMask = 2147483647;
			files = (
				1D60589B0D05DD56006BFB54 /* main.m in Sources */,
				1D3623260D0F684500981E51 /* AppDelegate.m in Sources */,
				302D95F114D2391D003F00A1 /* MainViewController.m in Sources */,
				30149E33CC664F60BE81511E /* UIImage+CropScaleOrientation.m in Sources */,
				A7EC8A167E6248C5B3011AA0 /* CDVCamera.m in Sources */,
				9BB89B586A4B4F11A444B15A /* CDVJpegHeaderWriter.m in Sources */,
				89CBA41D376F40F894A63B81 /* CDVLocation.m in Sources */,
				743CA6A07D25470DB6EAF103 /* PluginObjects.m in Sources */,
				B90CB4759B06417FBD765A86 /* PluginCircle.m in Sources */,
				99143ACD4D2440A78A613F02 /* PluginGeocoder.m in Sources */,
				E81EC01F349942499B4BC1C9 /* PluginLocationService.m in Sources */,
				69A1F90EA15842539AF33CF3 /* PluginEnvironment.m in Sources */,
				6422E49266514C7A83088FE3 /* CordovaGoogleMaps.m in Sources */,
				90583B92BAB842EAB815B9D5 /* PluginMapViewController.m in Sources */,
				40C50A05A2DB4996986B893E /* PluginGroundOverlay.m in Sources */,
				CB41C8015B794EFA8E003C1D /* PluginKmlOverlay.m in Sources */,
				C690CF6F5FFB4951B1E4FF71 /* PluginMap.m in Sources */,
				E2F78F423D414F5FBEB50794 /* PluginMarker.m in Sources */,
				F932B26AECB24619B36D060E /* PluginUtil.m in Sources */,
				45DFABE1D73E43D786A5C63C /* PluginPolygon.m in Sources */,
				70AECDD6E0204E1FBD753896 /* PluginPolyline.m in Sources */,
				3F69543743534514B8B258CB /* PluginTileProvider.m in Sources */,
				16F88E6FF2144E8BBF875AA0 /* TBXML.m in Sources */,
				D64581A3CC334DC3BB4036CA /* PluginTileOverlay.m in Sources */,
				A5C4C77AEEF141278DE2EE88 /* GMSCoordinateBounds+Geometry.m in Sources */,
				F652B62A3FD6458A923C17A1 /* MyPluginLayer.m in Sources */,
				CBE78E61996D43ADAEA02346 /* MyPluginScrollView.m in Sources */,
				3501E72E58064B5C97B424D2 /* PluginMarkerCluster.m in Sources */,
				586B1DE221574503A047860E /* UIImageCache.m in Sources */,
				45016B76BF044140B3B513EF /* PluginStreetViewPanorama.m in Sources */,
				7EA75DC44E9F481F93410A01 /* PluginStreetViewPanoramaController.m in Sources */,
				CE4AE6A2170D4DC38AE7E5E2 /* PluginViewController.m in Sources */,
				26BE084845084A2EBC3FF785 /* CDVInAppBrowserOptions.m in Sources */,
				C8F856465D0A4F6CBA5158FF /* CDVInAppBrowserNavigationController.m in Sources */,
				56480284654C42E394B20250 /* CDVWKInAppBrowser.m in Sources */,
				DB0B4FCD7F7F4BB5A9EAFBA8 /* CDVWKInAppBrowserUIDelegate.m in Sources */,
			);
			runOnlyForDeploymentPostprocessing = 0;
		};
/* End PBXSourcesBuildPhase section */

/* Begin PBXTargetDependency section */
		301BF551109A68C00062928A /* PBXTargetDependency */ = {
			isa = PBXTargetDependency;
			name = CordovaLib;
			targetProxy = 301BF550109A68C00062928A /* PBXContainerItemProxy */;
		};
/* End PBXTargetDependency section */

/* Begin XCBuildConfiguration section */
		1D6058940D05DD3E006BFB54 /* Debug */ = {
			isa = XCBuildConfiguration;
			baseConfigurationReference = 3047A50F1AB8059700498E2A /* build-debug.xcconfig */;
			buildSettings = {
				ALWAYS_SEARCH_USER_PATHS = NO;
				ASSETCATALOG_COMPILER_APPICON_NAME = AppIcon;
				CLANG_ENABLE_MODULES = YES;
				CLANG_ENABLE_OBJC_ARC = YES;
				COPY_PHASE_STRIP = NO;
				GCC_DYNAMIC_NO_PIC = NO;
				GCC_OPTIMIZATION_LEVEL = 0;
				GCC_PRECOMPILE_PREFIX_HEADER = YES;
				GCC_PREFIX_HEADER = "Exploration Dashboard Monitoring/Exploration Dashboard Monitoring-Prefix.pch";
				GCC_THUMB_SUPPORT = NO;
				GCC_VERSION = "";
				INFOPLIST_FILE = "Exploration Dashboard Monitoring/Exploration Dashboard Monitoring-Info.plist";
				IPHONEOS_DEPLOYMENT_TARGET = 11.0;
				LD_RUNPATH_SEARCH_PATHS = "@executable_path/Frameworks";
				PRODUCT_BUNDLE_IDENTIFIER = com.pepc.exploration.dashboard;
				PRODUCT_NAME = "$(TARGET_NAME)";
				TARGETED_DEVICE_FAMILY = "1,2";
				VALIDATE_WORKSPACE = NO;
			};
			name = Debug;
		};
		1D6058950D05DD3E006BFB54 /* Release */ = {
			isa = XCBuildConfiguration;
			baseConfigurationReference = 3047A5101AB8059700498E2A /* build-release.xcconfig */;
			buildSettings = {
				ALWAYS_SEARCH_USER_PATHS = NO;
				ASSETCATALOG_COMPILER_APPICON_NAME = AppIcon;
				CLANG_ENABLE_MODULES = YES;
				CLANG_ENABLE_OBJC_ARC = YES;
				COPY_PHASE_STRIP = YES;
				GCC_PRECOMPILE_PREFIX_HEADER = YES;
				GCC_PREFIX_HEADER = "Exploration Dashboard Monitoring/Exploration Dashboard Monitoring-Prefix.pch";
				GCC_THUMB_SUPPORT = NO;
				GCC_VERSION = "";
				INFOPLIST_FILE = "Exploration Dashboard Monitoring/Exploration Dashboard Monitoring-Info.plist";
				IPHONEOS_DEPLOYMENT_TARGET = 11.0;
				LD_RUNPATH_SEARCH_PATHS = "@executable_path/Frameworks";
				PRODUCT_BUNDLE_IDENTIFIER = com.pepc.exploration.dashboard;
				PRODUCT_NAME = "$(TARGET_NAME)";
				TARGETED_DEVICE_FAMILY = "1,2";
				VALIDATE_WORKSPACE = NO;
			};
			name = Release;
		};
		C01FCF4F08A954540054247B /* Debug */ = {
			isa = XCBuildConfiguration;
			baseConfigurationReference = 3047A5111AB8059700498E2A /* build.xcconfig */;
			buildSettings = {
				CLANG_ANALYZER_LOCALIZABILITY_NONLOCALIZED = YES;
				CLANG_ENABLE_MODULES = YES;
				CLANG_ENABLE_OBJC_ARC = YES;
				CLANG_WARN_BLOCK_CAPTURE_AUTORELEASING = YES;
				CLANG_WARN_BOOL_CONVERSION = YES;
				CLANG_WARN_COMMA = YES;
				CLANG_WARN_CONSTANT_CONVERSION = YES;
				CLANG_WARN_DEPRECATED_OBJC_IMPLEMENTATIONS = YES;
				CLANG_WARN_EMPTY_BODY = YES;
				CLANG_WARN_ENUM_CONVERSION = YES;
				CLANG_WARN_INFINITE_RECURSION = YES;
				CLANG_WARN_INT_CONVERSION = YES;
				CLANG_WARN_NON_LITERAL_NULL_CONVERSION = YES;
				CLANG_WARN_OBJC_IMPLICIT_RETAIN_SELF = YES;
				CLANG_WARN_OBJC_LITERAL_CONVERSION = YES;
				CLANG_WARN_RANGE_LOOP_ANALYSIS = YES;
				CLANG_WARN_STRICT_PROTOTYPES = YES;
				CLANG_WARN_SUSPICIOUS_MOVE = YES;
				CLANG_WARN_UNREACHABLE_CODE = YES;
				CLANG_WARN__DUPLICATE_METHOD_MATCH = YES;
				ENABLE_STRICT_OBJC_MSGSEND = YES;
				ENABLE_TESTABILITY = YES;
				GCC_C_LANGUAGE_STANDARD = c99;
				GCC_NO_COMMON_BLOCKS = YES;
				GCC_THUMB_SUPPORT = NO;
				GCC_VERSION = "";
				GCC_WARN_64_TO_32_BIT_CONVERSION = YES;
				GCC_WARN_ABOUT_RETURN_TYPE = YES;
				GCC_WARN_UNDECLARED_SELECTOR = YES;
				GCC_WARN_UNINITIALIZED_AUTOS = YES;
				GCC_WARN_UNUSED_FUNCTION = YES;
				GCC_WARN_UNUSED_VARIABLE = YES;
				ONLY_ACTIVE_ARCH = YES;
				SDKROOT = iphoneos;
				SKIP_INSTALL = NO;
				WK_WEB_VIEW_ONLY = 1;
			};
			name = Debug;
		};
		C01FCF5008A954540054247B /* Release */ = {
			isa = XCBuildConfiguration;
			baseConfigurationReference = 3047A5111AB8059700498E2A /* build.xcconfig */;
			buildSettings = {
				CLANG_ANALYZER_LOCALIZABILITY_NONLOCALIZED = YES;
				CLANG_ENABLE_MODULES = YES;
				CLANG_ENABLE_OBJC_ARC = YES;
				CLANG_WARN_BLOCK_CAPTURE_AUTORELEASING = YES;
				CLANG_WARN_BOOL_CONVERSION = YES;
				CLANG_WARN_COMMA = YES;
				CLANG_WARN_CONSTANT_CONVERSION = YES;
				CLANG_WARN_DEPRECATED_OBJC_IMPLEMENTATIONS = YES;
				CLANG_WARN_EMPTY_BODY = YES;
				CLANG_WARN_ENUM_CONVERSION = YES;
				CLANG_WARN_INFINITE_RECURSION = YES;
				CLANG_WARN_INT_CONVERSION = YES;
				CLANG_WARN_NON_LITERAL_NULL_CONVERSION = YES;
				CLANG_WARN_OBJC_IMPLICIT_RETAIN_SELF = YES;
				CLANG_WARN_OBJC_LITERAL_CONVERSION = YES;
				CLANG_WARN_RANGE_LOOP_ANALYSIS = YES;
				CLANG_WARN_STRICT_PROTOTYPES = YES;
				CLANG_WARN_SUSPICIOUS_MOVE = YES;
				CLANG_WARN_UNREACHABLE_CODE = YES;
				CLANG_WARN__DUPLICATE_METHOD_MATCH = YES;
				ENABLE_STRICT_OBJC_MSGSEND = YES;
				GCC_C_LANGUAGE_STANDARD = c99;
				GCC_NO_COMMON_BLOCKS = YES;
				GCC_THUMB_SUPPORT = NO;
				GCC_VERSION = "";
				GCC_WARN_64_TO_32_BIT_CONVERSION = YES;
				GCC_WARN_ABOUT_RETURN_TYPE = YES;
				GCC_WARN_UNDECLARED_SELECTOR = YES;
				GCC_WARN_UNINITIALIZED_AUTOS = YES;
				GCC_WARN_UNUSED_FUNCTION = YES;
				GCC_WARN_UNUSED_VARIABLE = YES;
				SDKROOT = iphoneos;
				SKIP_INSTALL = NO;
				WK_WEB_VIEW_ONLY = 1;
			};
			name = Release;
		};
/* End XCBuildConfiguration section */

/* Begin XCConfigurationList section */
		1D6058960D05DD3E006BFB54 /* Build configuration list for PBXNativeTarget "Exploration Dashboard Monitoring" */ = {
			isa = XCConfigurationList;
			buildConfigurations = (
				1D6058940D05DD3E006BFB54 /* Debug */,
				1D6058950D05DD3E006BFB54 /* Release */,
			);
			defaultConfigurationIsVisible = 0;
			defaultConfigurationName = Release;
		};
		C01FCF4E08A954540054247B /* Build configuration list for PBXProject "Exploration Dashboard Monitoring" */ = {
			isa = XCConfigurationList;
			buildConfigurations = (
				C01FCF4F08A954540054247B /* Debug */,
				C01FCF5008A954540054247B /* Release */,
			);
			defaultConfigurationIsVisible = 0;
			defaultConfigurationName = Release;
		};
/* End XCConfigurationList section */
	};
	rootObject = 29B97313FDCFA39411CA2CEA /* Project object */;
}
