// !$*UTF8*$!
{
	archiveVersion = 1;
	classes = {
	};
	objectVersion = 52;
	objects = {

/* Begin PBXBuildFile section */
		0207DA581B56EA530066E2B4 /* Images.xcassets in Resources */ = {isa = PBXBuildFile; fileRef = 0207DA571B56EA530066E2B4 /* Images.xcassets */; };
		1D3623260D0F684500981E51 /* AppDelegate.m in Sources */ = {isa = PBXBuildFile; fileRef = 1D3623250D0F684500981E51 /* AppDelegate.m */; };
		1D60589B0D05DD56006BFB54 /* main.m in Sources */ = {isa = PBXBuildFile; fileRef = 29B97316FDCFA39411CA2CEA /* main.m */; };
		301BF552109A68D80062928A /* libCordova.a in Frameworks */ = {isa = PBXBuildFile; fileRef = 301BF535109A57CC0062928A /* libCordova.a */; settings = {ATTRIBUTES = (Required, ); }; };
		302D95F114D2391D003F00A1 /* MainViewController.m in Sources */ = {isa = PBXBuildFile; fileRef = 302D95EF14D2391D003F00A1 /* MainViewController.m */; };
		302D95F214D2391D003F00A1 /* MainViewController.xib in Resources */ = {isa = PBXBuildFile; fileRef = 302D95F014D2391D003F00A1 /* MainViewController.xib */; };
		6AFF5BF91D6E424B00AB3073 /* CDVLaunchScreen.storyboard in Resources */ = {isa = PBXBuildFile; fileRef = 6AFF5BF81D6E424B00AB3073 /* CDVLaunchScreen.storyboard */; };
		58FC9462A61A4EFBB56DB56E /* UIImage+CropScaleOrientation.m in Sources */ = {isa = PBXBuildFile; fileRef = B1343D82D639426CB6712A9E /* UIImage+CropScaleOrientation.m */; };
		AFF3F137B099485BBFB6B6DA /* CDVCamera.m in Sources */ = {isa = PBXBuildFile; fileRef = A8F4246E26164D6A8117C474 /* CDVCamera.m */; };
		C5FD7D7363484741864FBA48 /* CDVJpegHeaderWriter.m in Sources */ = {isa = PBXBuildFile; fileRef = DEC3EC75FF484335B166B481 /* CDVJpegHeaderWriter.m */; };
		CE6747254B8347B7AEEED50B /* ImageIO.framework in Frameworks */ = {isa = PBXBuildFile; fileRef = 300AA04154A84F6497F009AA /* ImageIO.framework */; settings = {ATTRIBUTES = (Weak, ); }; };
		71D6B4F5D07D4FC498002116 /* CoreLocation.framework in Frameworks */ = {isa = PBXBuildFile; fileRef = DD7BD7D3C5364D7A9846B7C2 /* CoreLocation.framework */; };
		B64BE97EC16F4B81A596C4E6 /* AVFoundation.framework in Frameworks */ = {isa = PBXBuildFile; fileRef = FD4C244AE54944859F9EF5F0 /* AVFoundation.framework */; };
		75C780162B3244699A3D3927 /* CDVLocation.m in Sources */ = {isa = PBXBuildFile; fileRef = 8B996A6ABEB9485D8412B3BD /* CDVLocation.m */; };
		F405E3B74F08415382DA0114 /* PluginObjects.m in Sources */ = {isa = PBXBuildFile; fileRef = BDE87892B7BC4DC9AF579FFD /* PluginObjects.m */; };
		263B5311A03742E69379C48B /* PluginCircle.m in Sources */ = {isa = PBXBuildFile; fileRef = F023390E145A42EB88EB7E68 /* PluginCircle.m */; };
		06110AF39A9D429F87A66D96 /* PluginGeocoder.m in Sources */ = {isa = PBXBuildFile; fileRef = C504BDF06FEF462E889CBCAB /* PluginGeocoder.m */; };
		D5E321466E3F4B639C40B335 /* PluginLocationService.m in Sources */ = {isa = PBXBuildFile; fileRef = AAF2B26B82E441ED96371271 /* PluginLocationService.m */; };
		43BF6ACF7F76451DBD145E9B /* PluginEnvironment.m in Sources */ = {isa = PBXBuildFile; fileRef = A0A3CCA004904C4094D2B4AA /* PluginEnvironment.m */; };
		C1C05CE88C954F5694BE22F0 /* CordovaGoogleMaps.m in Sources */ = {isa = PBXBuildFile; fileRef = D83D7143C4724BE0843B3AAC /* CordovaGoogleMaps.m */; };
		B4DE2E7C9A8C4F7AB79EA833 /* PluginMapViewController.m in Sources */ = {isa = PBXBuildFile; fileRef = 78D5DF9757C94FF7BD641DB1 /* PluginMapViewController.m */; };
		057DBF5E82D340FC8F5C342C /* PluginGroundOverlay.m in Sources */ = {isa = PBXBuildFile; fileRef = 0A82486B3C1B4818B8B24B5D /* PluginGroundOverlay.m */; };
		C3CE2809A6E54FA4B3CB0FA6 /* PluginKmlOverlay.m in Sources */ = {isa = PBXBuildFile; fileRef = F97118B5F445446CA109C958 /* PluginKmlOverlay.m */; };
		A058EBBD6C894491855235CF /* PluginMap.m in Sources */ = {isa = PBXBuildFile; fileRef = 90DE218014F24370BFE10EEB /* PluginMap.m */; };
		E81A38B672044FDD80D34370 /* PluginMarker.m in Sources */ = {isa = PBXBuildFile; fileRef = DA6A5B206E2D4E0FAC39F4A8 /* PluginMarker.m */; };
		DF1F8FFB0EDA4548A2A36A0C /* PluginUtil.m in Sources */ = {isa = PBXBuildFile; fileRef = 4CE960BCBF0F4FD186BE704A /* PluginUtil.m */; };
		1FE6CE4DD0AE4FE4832DAABA /* PluginPolygon.m in Sources */ = {isa = PBXBuildFile; fileRef = A0C61A5009B4472F8D756560 /* PluginPolygon.m */; };
		2AA8B100786F4C1690767787 /* PluginPolyline.m in Sources */ = {isa = PBXBuildFile; fileRef = 4A633D25B71F4081983969E8 /* PluginPolyline.m */; };
		AD2061E2E8F644BAB4EEEB54 /* PluginTileProvider.m in Sources */ = {isa = PBXBuildFile; fileRef = 6EED8D7BCFE04864A97970B6 /* PluginTileProvider.m */; };
		9C99FCBE32F24372BBCD6272 /* TBXML.m in Sources */ = {isa = PBXBuildFile; fileRef = 0E0DDAC3E2AE49509419A430 /* TBXML.m */; };
		BFC1C33BA1224BBE9B4AE6E4 /* PluginTileOverlay.m in Sources */ = {isa = PBXBuildFile; fileRef = 8CC7E34D2EE34C55A213DE30 /* PluginTileOverlay.m */; };
		9144C88B6DF54D1FAE6FB5E6 /* GMSCoordinateBounds+Geometry.m in Sources */ = {isa = PBXBuildFile; fileRef = CC6D24C521A94CEB976C6159 /* GMSCoordinateBounds+Geometry.m */; };
		A7F9C665A7DC455AA856D7F4 /* MyPluginLayer.m in Sources */ = {isa = PBXBuildFile; fileRef = 1DA65A051B4D45FD8D4A5CC9 /* MyPluginLayer.m */; };
		A4C1B4DE38004B0D8EDB87B6 /* MyPluginScrollView.m in Sources */ = {isa = PBXBuildFile; fileRef = 4A1FF423320D407EB12FC62C /* MyPluginScrollView.m */; };
		239A112E97074D05819CB47E /* PluginMarkerCluster.m in Sources */ = {isa = PBXBuildFile; fileRef = DE8F8976DDBA4684B1EE6AEA /* PluginMarkerCluster.m */; };
		268E7F21C04B4E8CA99C15F5 /* UIImageCache.m in Sources */ = {isa = PBXBuildFile; fileRef = 0C6CC078ED5A40A99BFFCDC7 /* UIImageCache.m */; };
		5C39647A6D3243118854203B /* PluginStreetViewPanorama.m in Sources */ = {isa = PBXBuildFile; fileRef = D4FE489FD90A45F39B0FD029 /* PluginStreetViewPanorama.m */; };
		8926A14A63C2460596A28BFF /* PluginStreetViewPanoramaController.m in Sources */ = {isa = PBXBuildFile; fileRef = 867B4693589B4D178A87CB55 /* PluginStreetViewPanoramaController.m */; };
		349DCEEAE08A4FADA036D399 /* PluginViewController.m in Sources */ = {isa = PBXBuildFile; fileRef = 180539F9A7E14BC4A1DC532B /* PluginViewController.m */; };
		0CC180492A0A4D46A223DA4B /* pgm_Localizable_en.json in Resources */ = {isa = PBXBuildFile; fileRef = B55858CD6EDF43F3B5228EC0 /* pgm_Localizable_en.json */; };
		A7DB19529D8F4169A2C99CDF /* pgm_Localizable_es.json in Resources */ = {isa = PBXBuildFile; fileRef = 33711199C26948D7B7104DA7 /* pgm_Localizable_es.json */; };
		3F8D0DEC0CD647D0933CBBCB /* pgm_Localizable_ja.json in Resources */ = {isa = PBXBuildFile; fileRef = 1B882CE99B224699B81841C9 /* pgm_Localizable_ja.json */; };
		9842A7DBFF214685929AB1F8 /* pgm_Localizable_ru.json in Resources */ = {isa = PBXBuildFile; fileRef = 5EF6AEAA9B0B4B96803273A1 /* pgm_Localizable_ru.json */; };
		0A3CE614CAA5479BACC479F1 /* pgm_Localizable_uk.json in Resources */ = {isa = PBXBuildFile; fileRef = 7E8DE15E24C144A5864E26CF /* pgm_Localizable_uk.json */; };
		A9F6CA2E67FC41C98AF4E065 /* pgm_Localizable_pt-BR.json in Resources */ = {isa = PBXBuildFile; fileRef = C75D00EB6A9448A48F7C25A9 /* pgm_Localizable_pt-BR.json */; };
		BBF7E13D68BA439495CAC0B5 /* pgm_Localizable_de.json in Resources */ = {isa = PBXBuildFile; fileRef = 715AF6BF1F8B4651B104710D /* pgm_Localizable_de.json */; };
		97F4C6BFCFEB46A1B5BE6383 /* pgm_Localizable_fr.json in Resources */ = {isa = PBXBuildFile; fileRef = DD2FFD54EBA54D56AA9F6376 /* pgm_Localizable_fr.json */; };
		3D93648D1BC74184AC8B3D7B /* pgm_Localizable_hi.json in Resources */ = {isa = PBXBuildFile; fileRef = C0DF731B7DD34FE182F7A56E /* pgm_Localizable_hi.json */; };
		2FDF37387E84419A9D6ED152 /* pgm_Localizable_ar.json in Resources */ = {isa = PBXBuildFile; fileRef = 513E71D984D648D7A2DA1B20 /* pgm_Localizable_ar.json */; };
		497BCFE0C3A244119FEC0F9D /* pgm_Localizable_nl.json in Resources */ = {isa = PBXBuildFile; fileRef = BBE388176DA74B22967CE3A6 /* pgm_Localizable_nl.json */; };
		78400CC660E94EF0AAD575AA /* pgm_Localizable_pl.json in Resources */ = {isa = PBXBuildFile; fileRef = 640D11844EA24801B3FF933D /* pgm_Localizable_pl.json */; };
		8FF50A30C9CA4E5C9CBAD8B6 /* pgm_Localizable_da.json in Resources */ = {isa = PBXBuildFile; fileRef = B2E56D6887E34FB191DB7BE4 /* pgm_Localizable_da.json */; };
		E0D4EF69D8834E2CABCC0D71 /* pgm_Localizable_vi.json in Resources */ = {isa = PBXBuildFile; fileRef = D7DD6715E23A4025B141575C /* pgm_Localizable_vi.json */; };
		94EDC2D1D215471DACD00956 /* CDVInAppBrowserOptions.m in Sources */ = {isa = PBXBuildFile; fileRef = FF519550895A4D4CACBE621E /* CDVInAppBrowserOptions.m */; };
		70F34FDB5AE94DFC896A8E57 /* CDVInAppBrowserNavigationController.m in Sources */ = {isa = PBXBuildFile; fileRef = 5D015DBF399D4492A6903030 /* CDVInAppBrowserNavigationController.m */; };
		F3F7172DE31D41A8B32C75C9 /* CDVWKInAppBrowser.m in Sources */ = {isa = PBXBuildFile; fileRef = B98F67990A444C5B9A3A5942 /* CDVWKInAppBrowser.m */; };
		DD3B2F5A95A24B9C961B89E0 /* CDVWKInAppBrowserUIDelegate.m in Sources */ = {isa = PBXBuildFile; fileRef = B4BA671B1C8D4668B1AF7165 /* CDVWKInAppBrowserUIDelegate.m */; };
/* End PBXBuildFile section */

/* Begin PBXContainerItemProxy section */
		301BF534109A57CC0062928A /* PBXContainerItemProxy */ = {
			isa = PBXContainerItemProxy;
			containerPortal = 301BF52D109A57CC0062928A /* CordovaLib/CordovaLib.xcodeproj */;
			proxyType = 2;
			remoteGlobalIDString = D2AAC07E0554694100DB518D;
			remoteInfo = CordovaLib;
		};
		301BF550109A68C00062928A /* PBXContainerItemProxy */ = {
			isa = PBXContainerItemProxy;
			containerPortal = 301BF52D109A57CC0062928A /* CordovaLib/CordovaLib.xcodeproj */;
			proxyType = 1;
			remoteGlobalIDString = D2AAC07D0554694100DB518D;
			remoteInfo = CordovaLib;
		};
		907D8123214C687600058A10 /* PBXContainerItemProxy */ = {
			isa = PBXContainerItemProxy;
			containerPortal = 301BF52D109A57CC0062928A /* CordovaLib/CordovaLib.xcodeproj */;
			proxyType = 2;
			remoteGlobalIDString = C0C01EB21E3911D50056E6CB;
			remoteInfo = Cordova;
		};
/* End PBXContainerItemProxy section */

/* Begin PBXFileReference section */
		0207DA571B56EA530066E2B4 /* Images.xcassets */ = {isa = PBXFileReference; lastKnownFileType = folder.assetcatalog; name = Images.xcassets; path = "Exploration Dashboard Monitoring/Images.xcassets"; sourceTree = SOURCE_ROOT; };
		1D3623240D0F684500981E51 /* AppDelegate.h */ = {isa = PBXFileReference; fileEncoding = 4; lastKnownFileType = sourcecode.c.h; path = AppDelegate.h; sourceTree = "<group>"; };
		1D3623250D0F684500981E51 /* AppDelegate.m */ = {isa = PBXFileReference; fileEncoding = 4; lastKnownFileType = sourcecode.c.objc; path = AppDelegate.m; sourceTree = "<group>"; };
		1D6058910D05DD3D006BFB54 /* Exploration Dashboard Monitoring.app */ = {isa = PBXFileReference; explicitFileType = wrapper.application; includeInIndex = 0; path = "Exploration Dashboard Monitoring.app"; sourceTree = BUILT_PRODUCTS_DIR; };
		29B97316FDCFA39411CA2CEA /* main.m */ = {isa = PBXFileReference; fileEncoding = 4; lastKnownFileType = sourcecode.c.objc; path = main.m; sourceTree = "<group>"; };
		301BF52D109A57CC0062928A /* CordovaLib/CordovaLib.xcodeproj */ = {isa = PBXFileReference; lastKnownFileType = "wrapper.pb-project"; name = CordovaLib.xcodeproj; path = CordovaLib\CordovaLib.xcodeproj; sourceTree = "<group>"; };
		301BF56E109A69640062928A /* www */ = {isa = PBXFileReference; lastKnownFileType = folder; path = www; sourceTree = SOURCE_ROOT; };
		302D95EE14D2391D003F00A1 /* MainViewController.h */ = {isa = PBXFileReference; fileEncoding = 4; lastKnownFileType = sourcecode.c.h; path = MainViewController.h; sourceTree = "<group>"; };
		302D95EF14D2391D003F00A1 /* MainViewController.m */ = {isa = PBXFileReference; fileEncoding = 4; lastKnownFileType = sourcecode.c.objc; path = MainViewController.m; sourceTree = "<group>"; };
		302D95F014D2391D003F00A1 /* MainViewController.xib */ = {isa = PBXFileReference; fileEncoding = 4; lastKnownFileType = file.xib; path = MainViewController.xib; sourceTree = "<group>"; };
		3047A50F1AB8059700498E2A /* build-debug.xcconfig */ = {isa = PBXFileReference; fileEncoding = 4; lastKnownFileType = text.xcconfig; name = "build-debug.xcconfig"; path = "cordova/build-debug.xcconfig"; sourceTree = SOURCE_ROOT; };
		3047A5101AB8059700498E2A /* build-release.xcconfig */ = {isa = PBXFileReference; fileEncoding = 4; lastKnownFileType = text.xcconfig; name = "build-release.xcconfig"; path = "cordova/build-release.xcconfig"; sourceTree = SOURCE_ROOT; };
		3047A5111AB8059700498E2A /* build.xcconfig */ = {isa = PBXFileReference; fileEncoding = 4; lastKnownFileType = text.xcconfig; name = build.xcconfig; path = cordova/build.xcconfig; sourceTree = SOURCE_ROOT; };
		32CA4F630368D1EE00C91783 /* Exploration Dashboard Monitoring-Prefix.pch */ = {isa = PBXFileReference; fileEncoding = 4; lastKnownFileType = sourcecode.c.h; path = "Exploration Dashboard Monitoring-Prefix.pch"; sourceTree = "<group>"; };
		6AFF5BF81D6E424B00AB3073 /* CDVLaunchScreen.storyboard */ = {isa = PBXFileReference; fileEncoding = 4; lastKnownFileType = file.storyboard; name = CDVLaunchScreen.storyboard; path = "Exploration Dashboard Monitoring/CDVLaunchScreen.storyboard"; sourceTree = SOURCE_ROOT; };
		8D1107310486CEB800E47090 /* Exploration Dashboard Monitoring-Info.plist */ = {isa = PBXFileReference; fileEncoding = 4; lastKnownFileType = text.plist.xml; name = "Exploration Dashboard Monitoring-Info.plist"; path = "Exploration Dashboard Monitoring/Exploration Dashboard Monitoring-Info.plist"; plistStructureDefinitionIdentifier = "com.apple.xcode.plist.structure-definition.iphone.info-plist"; sourceTree = SOURCE_ROOT; };
		EB87FDF31871DA8E0020F90C /* www */ = {isa = PBXFileReference; lastKnownFileType = folder; name = www; path = ../../www; sourceTree = "<group>"; };
		EB87FDF41871DAF40020F90C /* config.xml */ = {isa = PBXFileReference; lastKnownFileType = text.xml; name = config.xml; path = ../../config.xml; sourceTree = "<group>"; };
		ED33DF2A687741AEAF9F8254 /* Bridging-Header.h */ = {isa = PBXFileReference; fileEncoding = 4; lastKnownFileType = sourcecode.c.h; path = "Bridging-Header.h"; sourceTree = "<group>"; };
		F840E1F0165FE0F500CFE078 /* config.xml */ = {isa = PBXFileReference; lastKnownFileType = text.xml; name = config.xml; path = "Exploration Dashboard Monitoring/config.xml"; sourceTree = "<group>"; };
		B1343D82D639426CB6712A9E /* UIImage+CropScaleOrientation.m */ = {isa = PBXFileReference; name = "UIImage+CropScaleOrientation.m"; path = "cordova-plugin-camera/UIImage+CropScaleOrientation.m"; sourceTree = "<group>"; fileEncoding = 4; lastKnownFileType = sourcecode.c.objc; explicitFileType = undefined; includeInIndex = 0; };
		A8F4246E26164D6A8117C474 /* CDVCamera.m */ = {isa = PBXFileReference; name = "CDVCamera.m"; path = "cordova-plugin-camera/CDVCamera.m"; sourceTree = "<group>"; fileEncoding = 4; lastKnownFileType = sourcecode.c.objc; explicitFileType = undefined; includeInIndex = 0; };
		DEC3EC75FF484335B166B481 /* CDVJpegHeaderWriter.m */ = {isa = PBXFileReference; name = "CDVJpegHeaderWriter.m"; path = "cordova-plugin-camera/CDVJpegHeaderWriter.m"; sourceTree = "<group>"; fileEncoding = 4; lastKnownFileType = sourcecode.c.objc; explicitFileType = undefined; includeInIndex = 0; };
		7FEAE9BD973D455B9690283F /* UIImage+CropScaleOrientation.h */ = {isa = PBXFileReference; name = "UIImage+CropScaleOrientation.h"; path = "cordova-plugin-camera/UIImage+CropScaleOrientation.h"; sourceTree = "<group>"; fileEncoding = 4; lastKnownFileType = sourcecode.c.h; explicitFileType = undefined; includeInIndex = 0; };
		D60ABC635A1B42CFADE02D82 /* CDVCamera.h */ = {isa = PBXFileReference; name = "CDVCamera.h"; path = "cordova-plugin-camera/CDVCamera.h"; sourceTree = "<group>"; fileEncoding = 4; lastKnownFileType = sourcecode.c.h; explicitFileType = undefined; includeInIndex = 0; };
		EB2DD2081518427C9F285907 /* CDVJpegHeaderWriter.h */ = {isa = PBXFileReference; name = "CDVJpegHeaderWriter.h"; path = "cordova-plugin-camera/CDVJpegHeaderWriter.h"; sourceTree = "<group>"; fileEncoding = 4; lastKnownFileType = sourcecode.c.h; explicitFileType = undefined; includeInIndex = 0; };
		F1448E2F5C8241A0B476B577 /* CDVExif.h */ = {isa = PBXFileReference; name = "CDVExif.h"; path = "cordova-plugin-camera/CDVExif.h"; sourceTree = "<group>"; fileEncoding = 4; lastKnownFileType = sourcecode.c.h; explicitFileType = undefined; includeInIndex = 0; };
		300AA04154A84F6497F009AA /* ImageIO.framework */ = {isa = PBXFileReference; name = "ImageIO.framework"; path = "System/Library/Frameworks/ImageIO.framework"; sourceTree = SDKROOT; fileEncoding = undefined; lastKnownFileType = wrapper.framework; explicitFileType = undefined; includeInIndex = 0; };
		DD7BD7D3C5364D7A9846B7C2 /* CoreLocation.framework */ = {isa = PBXFileReference; name = "CoreLocation.framework"; path = "System/Library/Frameworks/CoreLocation.framework"; sourceTree = SDKROOT; fileEncoding = undefined; lastKnownFileType = wrapper.framework; explicitFileType = undefined; includeInIndex = 0; };
		FD4C244AE54944859F9EF5F0 /* AVFoundation.framework */ = {isa = PBXFileReference; name = "AVFoundation.framework"; path = "System/Library/Frameworks/AVFoundation.framework"; sourceTree = SDKROOT; fileEncoding = undefined; lastKnownFileType = wrapper.framework; explicitFileType = undefined; includeInIndex = 0; };
		8B996A6ABEB9485D8412B3BD /* CDVLocation.m */ = {isa = PBXFileReference; name = "CDVLocation.m"; path = "cordova-plugin-geolocation/CDVLocation.m"; sourceTree = "<group>"; fileEncoding = 4; lastKnownFileType = sourcecode.c.objc; explicitFileType = undefined; includeInIndex = 0; };
		08FD0B12B097448DAB92465F /* CDVLocation.h */ = {isa = PBXFileReference; name = "CDVLocation.h"; path = "cordova-plugin-geolocation/CDVLocation.h"; sourceTree = "<group>"; fileEncoding = 4; lastKnownFileType = sourcecode.c.h; explicitFileType = undefined; includeInIndex = 0; };
		BDE87892B7BC4DC9AF579FFD /* PluginObjects.m */ = {isa = PBXFileReference; name = "PluginObjects.m"; path = "cordova-plugin-googlemaps/PluginObjects.m"; sourceTree = "<group>"; fileEncoding = 4; lastKnownFileType = sourcecode.c.objc; explicitFileType = undefined; includeInIndex = 0; };
		F023390E145A42EB88EB7E68 /* PluginCircle.m */ = {isa = PBXFileReference; name = "PluginCircle.m"; path = "cordova-plugin-googlemaps/PluginCircle.m"; sourceTree = "<group>"; fileEncoding = 4; lastKnownFileType = sourcecode.c.objc; explicitFileType = undefined; includeInIndex = 0; };
		C504BDF06FEF462E889CBCAB /* PluginGeocoder.m */ = {isa = PBXFileReference; name = "PluginGeocoder.m"; path = "cordova-plugin-googlemaps/PluginGeocoder.m"; sourceTree = "<group>"; fileEncoding = 4; lastKnownFileType = sourcecode.c.objc; explicitFileType = undefined; includeInIndex = 0; };
		AAF2B26B82E441ED96371271 /* PluginLocationService.m */ = {isa = PBXFileReference; name = "PluginLocationService.m"; path = "cordova-plugin-googlemaps/PluginLocationService.m"; sourceTree = "<group>"; fileEncoding = 4; lastKnownFileType = sourcecode.c.objc; explicitFileType = undefined; includeInIndex = 0; };
		A0A3CCA004904C4094D2B4AA /* PluginEnvironment.m */ = {isa = PBXFileReference; name = "PluginEnvironment.m"; path = "cordova-plugin-googlemaps/PluginEnvironment.m"; sourceTree = "<group>"; fileEncoding = 4; lastKnownFileType = sourcecode.c.objc; explicitFileType = undefined; includeInIndex = 0; };
		D83D7143C4724BE0843B3AAC /* CordovaGoogleMaps.m */ = {isa = PBXFileReference; name = "CordovaGoogleMaps.m"; path = "cordova-plugin-googlemaps/CordovaGoogleMaps.m"; sourceTree = "<group>"; fileEncoding = 4; lastKnownFileType = sourcecode.c.objc; explicitFileType = undefined; includeInIndex = 0; };
		78D5DF9757C94FF7BD641DB1 /* PluginMapViewController.m */ = {isa = PBXFileReference; name = "PluginMapViewController.m"; path = "cordova-plugin-googlemaps/PluginMapViewController.m"; sourceTree = "<group>"; fileEncoding = 4; lastKnownFileType = sourcecode.c.objc; explicitFileType = undefined; includeInIndex = 0; };
		0A82486B3C1B4818B8B24B5D /* PluginGroundOverlay.m */ = {isa = PBXFileReference; name = "PluginGroundOverlay.m"; path = "cordova-plugin-googlemaps/PluginGroundOverlay.m"; sourceTree = "<group>"; fileEncoding = 4; lastKnownFileType = sourcecode.c.objc; explicitFileType = undefined; includeInIndex = 0; };
		F97118B5F445446CA109C958 /* PluginKmlOverlay.m */ = {isa = PBXFileReference; name = "PluginKmlOverlay.m"; path = "cordova-plugin-googlemaps/PluginKmlOverlay.m"; sourceTree = "<group>"; fileEncoding = 4; lastKnownFileType = sourcecode.c.objc; explicitFileType = undefined; includeInIndex = 0; };
		90DE218014F24370BFE10EEB /* PluginMap.m */ = {isa = PBXFileReference; name = "PluginMap.m"; path = "cordova-plugin-googlemaps/PluginMap.m"; sourceTree = "<group>"; fileEncoding = 4; lastKnownFileType = sourcecode.c.objc; explicitFileType = undefined; includeInIndex = 0; };
		DA6A5B206E2D4E0FAC39F4A8 /* PluginMarker.m */ = {isa = PBXFileReference; name = "PluginMarker.m"; path = "cordova-plugin-googlemaps/PluginMarker.m"; sourceTree = "<group>"; fileEncoding = 4; lastKnownFileType = sourcecode.c.objc; explicitFileType = undefined; includeInIndex = 0; };
		4CE960BCBF0F4FD186BE704A /* PluginUtil.m */ = {isa = PBXFileReference; name = "PluginUtil.m"; path = "cordova-plugin-googlemaps/PluginUtil.m"; sourceTree = "<group>"; fileEncoding = 4; lastKnownFileType = sourcecode.c.objc; explicitFileType = undefined; includeInIndex = 0; };
		A0C61A5009B4472F8D756560 /* PluginPolygon.m */ = {isa = PBXFileReference; name = "PluginPolygon.m"; path = "cordova-plugin-googlemaps/PluginPolygon.m"; sourceTree = "<group>"; fileEncoding = 4; lastKnownFileType = sourcecode.c.objc; explicitFileType = undefined; includeInIndex = 0; };
		4A633D25B71F4081983969E8 /* PluginPolyline.m */ = {isa = PBXFileReference; name = "PluginPolyline.m"; path = "cordova-plugin-googlemaps/PluginPolyline.m"; sourceTree = "<group>"; fileEncoding = 4; lastKnownFileType = sourcecode.c.objc; explicitFileType = undefined; includeInIndex = 0; };
		6EED8D7BCFE04864A97970B6 /* PluginTileProvider.m */ = {isa = PBXFileReference; name = "PluginTileProvider.m"; path = "cordova-plugin-googlemaps/PluginTileProvider.m"; sourceTree = "<group>"; fileEncoding = 4; lastKnownFileType = sourcecode.c.objc; explicitFileType = undefined; includeInIndex = 0; };
		0E0DDAC3E2AE49509419A430 /* TBXML.m */ = {isa = PBXFileReference; name = "TBXML.m"; path = "cordova-plugin-googlemaps/TBXML.m"; sourceTree = "<group>"; fileEncoding = 4; lastKnownFileType = sourcecode.c.objc; explicitFileType = undefined; includeInIndex = 0; };
		8CC7E34D2EE34C55A213DE30 /* PluginTileOverlay.m */ = {isa = PBXFileReference; name = "PluginTileOverlay.m"; path = "cordova-plugin-googlemaps/PluginTileOverlay.m"; sourceTree = "<group>"; fileEncoding = 4; lastKnownFileType = sourcecode.c.objc; explicitFileType = undefined; includeInIndex = 0; };
		CC6D24C521A94CEB976C6159 /* GMSCoordinateBounds+Geometry.m */ = {isa = PBXFileReference; name = "GMSCoordinateBounds+Geometry.m"; path = "cordova-plugin-googlemaps/GMSCoordinateBounds+Geometry.m"; sourceTree = "<group>"; fileEncoding = 4; lastKnownFileType = sourcecode.c.objc; explicitFileType = undefined; includeInIndex = 0; };
		1DA65A051B4D45FD8D4A5CC9 /* MyPluginLayer.m */ = {isa = PBXFileReference; name = "MyPluginLayer.m"; path = "cordova-plugin-googlemaps/MyPluginLayer.m"; sourceTree = "<group>"; fileEncoding = 4; lastKnownFileType = sourcecode.c.objc; explicitFileType = undefined; includeInIndex = 0; };
		4A1FF423320D407EB12FC62C /* MyPluginScrollView.m */ = {isa = PBXFileReference; name = "MyPluginScrollView.m"; path = "cordova-plugin-googlemaps/MyPluginScrollView.m"; sourceTree = "<group>"; fileEncoding = 4; lastKnownFileType = sourcecode.c.objc; explicitFileType = undefined; includeInIndex = 0; };
		DE8F8976DDBA4684B1EE6AEA /* PluginMarkerCluster.m */ = {isa = PBXFileReference; name = "PluginMarkerCluster.m"; path = "cordova-plugin-googlemaps/PluginMarkerCluster.m"; sourceTree = "<group>"; fileEncoding = 4; lastKnownFileType = sourcecode.c.objc; explicitFileType = undefined; includeInIndex = 0; };
		0C6CC078ED5A40A99BFFCDC7 /* UIImageCache.m */ = {isa = PBXFileReference; name = "UIImageCache.m"; path = "cordova-plugin-googlemaps/UIImageCache.m"; sourceTree = "<group>"; fileEncoding = 4; lastKnownFileType = sourcecode.c.objc; explicitFileType = undefined; includeInIndex = 0; };
		D4FE489FD90A45F39B0FD029 /* PluginStreetViewPanorama.m */ = {isa = PBXFileReference; name = "PluginStreetViewPanorama.m"; path = "cordova-plugin-googlemaps/PluginStreetViewPanorama.m"; sourceTree = "<group>"; fileEncoding = 4; lastKnownFileType = sourcecode.c.objc; explicitFileType = undefined; includeInIndex = 0; };
		867B4693589B4D178A87CB55 /* PluginStreetViewPanoramaController.m */ = {isa = PBXFileReference; name = "PluginStreetViewPanoramaController.m"; path = "cordova-plugin-googlemaps/PluginStreetViewPanoramaController.m"; sourceTree = "<group>"; fileEncoding = 4; lastKnownFileType = sourcecode.c.objc; explicitFileType = undefined; includeInIndex = 0; };
		180539F9A7E14BC4A1DC532B /* PluginViewController.m */ = {isa = PBXFileReference; name = "PluginViewController.m"; path = "cordova-plugin-googlemaps/PluginViewController.m"; sourceTree = "<group>"; fileEncoding = 4; lastKnownFileType = sourcecode.c.objc; explicitFileType = undefined; includeInIndex = 0; };
		CF062C6342D3467FB7D16240 /* PluginObjects.h */ = {isa = PBXFileReference; name = "PluginObjects.h"; path = "cordova-plugin-googlemaps/PluginObjects.h"; sourceTree = "<group>"; fileEncoding = 4; lastKnownFileType = sourcecode.c.h; explicitFileType = undefined; includeInIndex = 0; };
		BACB22F4C55444169ECC1A2A /* PluginCircle.h */ = {isa = PBXFileReference; name = "PluginCircle.h"; path = "cordova-plugin-googlemaps/PluginCircle.h"; sourceTree = "<group>"; fileEncoding = 4; lastKnownFileType = sourcecode.c.h; explicitFileType = undefined; includeInIndex = 0; };
		C755FE09066D4883AA86CEDB /* PluginGeocoder.h */ = {isa = PBXFileReference; name = "PluginGeocoder.h"; path = "cordova-plugin-googlemaps/PluginGeocoder.h"; sourceTree = "<group>"; fileEncoding = 4; lastKnownFileType = sourcecode.c.h; explicitFileType = undefined; includeInIndex = 0; };
		A290782CEFF547F3BE1D20FA /* PluginLocationService.h */ = {isa = PBXFileReference; name = "PluginLocationService.h"; path = "cordova-plugin-googlemaps/PluginLocationService.h"; sourceTree = "<group>"; fileEncoding = 4; lastKnownFileType = sourcecode.c.h; explicitFileType = undefined; includeInIndex = 0; };
		FA0F8445E2484E03A49D5A37 /* PluginEnvironment.h */ = {isa = PBXFileReference; name = "PluginEnvironment.h"; path = "cordova-plugin-googlemaps/PluginEnvironment.h"; sourceTree = "<group>"; fileEncoding = 4; lastKnownFileType = sourcecode.c.h; explicitFileType = undefined; includeInIndex = 0; };
		868A890CF5004402BBA995B3 /* CordovaGoogleMaps.h */ = {isa = PBXFileReference; name = "CordovaGoogleMaps.h"; path = "cordova-plugin-googlemaps/CordovaGoogleMaps.h"; sourceTree = "<group>"; fileEncoding = 4; lastKnownFileType = sourcecode.c.h; explicitFileType = undefined; includeInIndex = 0; };
		31D7C15AFE324C4B97AF0199 /* PluginMapViewController.h */ = {isa = PBXFileReference; name = "PluginMapViewController.h"; path = "cordova-plugin-googlemaps/PluginMapViewController.h"; sourceTree = "<group>"; fileEncoding = 4; lastKnownFileType = sourcecode.c.h; explicitFileType = undefined; includeInIndex = 0; };
		3B5F54AED50647BCB2F753B6 /* PluginGroundOverlay.h */ = {isa = PBXFileReference; name = "PluginGroundOverlay.h"; path = "cordova-plugin-googlemaps/PluginGroundOverlay.h"; sourceTree = "<group>"; fileEncoding = 4; lastKnownFileType = sourcecode.c.h; explicitFileType = undefined; includeInIndex = 0; };
		3AE90E79826E4E90B675EA89 /* PluginKmlOverlay.h */ = {isa = PBXFileReference; name = "PluginKmlOverlay.h"; path = "cordova-plugin-googlemaps/PluginKmlOverlay.h"; sourceTree = "<group>"; fileEncoding = 4; lastKnownFileType = sourcecode.c.h; explicitFileType = undefined; includeInIndex = 0; };
		027F41E10D4F48A9BBCB8638 /* PluginMap.h */ = {isa = PBXFileReference; name = "PluginMap.h"; path = "cordova-plugin-googlemaps/PluginMap.h"; sourceTree = "<group>"; fileEncoding = 4; lastKnownFileType = sourcecode.c.h; explicitFileType = undefined; includeInIndex = 0; };
		6EE4231D1E2345EA9916FE63 /* PluginMarker.h */ = {isa = PBXFileReference; name = "PluginMarker.h"; path = "cordova-plugin-googlemaps/PluginMarker.h"; sourceTree = "<group>"; fileEncoding = 4; lastKnownFileType = sourcecode.c.h; explicitFileType = undefined; includeInIndex = 0; };
		DD4594BCC123432A9726E118 /* PluginUtil.h */ = {isa = PBXFileReference; name = "PluginUtil.h"; path = "cordova-plugin-googlemaps/PluginUtil.h"; sourceTree = "<group>"; fileEncoding = 4; lastKnownFileType = sourcecode.c.h; explicitFileType = undefined; includeInIndex = 0; };
		4D10C2CE817E4B6C9F9B6BB9 /* PluginPolygon.h */ = {isa = PBXFileReference; name = "PluginPolygon.h"; path = "cordova-plugin-googlemaps/PluginPolygon.h"; sourceTree = "<group>"; fileEncoding = 4; lastKnownFileType = sourcecode.c.h; explicitFileType = undefined; includeInIndex = 0; };
		DB3D9A5F6A1346D3B24F8C01 /* PluginPolyline.h */ = {isa = PBXFileReference; name = "PluginPolyline.h"; path = "cordova-plugin-googlemaps/PluginPolyline.h"; sourceTree = "<group>"; fileEncoding = 4; lastKnownFileType = sourcecode.c.h; explicitFileType = undefined; includeInIndex = 0; };
		7AE00AF0D2BC41B99E1C5892 /* PluginTileProvider.h */ = {isa = PBXFileReference; name = "PluginTileProvider.h"; path = "cordova-plugin-googlemaps/PluginTileProvider.h"; sourceTree = "<group>"; fileEncoding = 4; lastKnownFileType = sourcecode.c.h; explicitFileType = undefined; includeInIndex = 0; };
		874241A207D94EB2B6217F97 /* TBXML.h */ = {isa = PBXFileReference; name = "TBXML.h"; path = "cordova-plugin-googlemaps/TBXML.h"; sourceTree = "<group>"; fileEncoding = 4; lastKnownFileType = sourcecode.c.h; explicitFileType = undefined; includeInIndex = 0; };
		B3303EE195CA4E0EAB913096 /* PluginTileOverlay.h */ = {isa = PBXFileReference; name = "PluginTileOverlay.h"; path = "cordova-plugin-googlemaps/PluginTileOverlay.h"; sourceTree = "<group>"; fileEncoding = 4; lastKnownFileType = sourcecode.c.h; explicitFileType = undefined; includeInIndex = 0; };
		68D3EF112FF846EE9CB7C56C /* GMSCoordinateBounds+Geometry.h */ = {isa = PBXFileReference; name = "GMSCoordinateBounds+Geometry.h"; path = "cordova-plugin-googlemaps/GMSCoordinateBounds+Geometry.h"; sourceTree = "<group>"; fileEncoding = 4; lastKnownFileType = sourcecode.c.h; explicitFileType = undefined; includeInIndex = 0; };
		DBFE1792CADF43009B236F88 /* MyPluginLayer.h */ = {isa = PBXFileReference; name = "MyPluginLayer.h"; path = "cordova-plugin-googlemaps/MyPluginLayer.h"; sourceTree = "<group>"; fileEncoding = 4; lastKnownFileType = sourcecode.c.h; explicitFileType = undefined; includeInIndex = 0; };
		F4C7B74224D14D0DB589D7A3 /* MyPluginScrollView.h */ = {isa = PBXFileReference; name = "MyPluginScrollView.h"; path = "cordova-plugin-googlemaps/MyPluginScrollView.h"; sourceTree = "<group>"; fileEncoding = 4; lastKnownFileType = sourcecode.c.h; explicitFileType = undefined; includeInIndex = 0; };
		7D07EDE6A4F2473081400139 /* PluginMarkerCluster.h */ = {isa = PBXFileReference; name = "PluginMarkerCluster.h"; path = "cordova-plugin-googlemaps/PluginMarkerCluster.h"; sourceTree = "<group>"; fileEncoding = 4; lastKnownFileType = sourcecode.c.h; explicitFileType = undefined; includeInIndex = 0; };
		427471814CF5406892465AC2 /* UIImageCache.h */ = {isa = PBXFileReference; name = "UIImageCache.h"; path = "cordova-plugin-googlemaps/UIImageCache.h"; sourceTree = "<group>"; fileEncoding = 4; lastKnownFileType = sourcecode.c.h; explicitFileType = undefined; includeInIndex = 0; };
		704A1F30D2EB45A4A8F2A594 /* PluginStreetViewPanorama.h */ = {isa = PBXFileReference; name = "PluginStreetViewPanorama.h"; path = "cordova-plugin-googlemaps/PluginStreetViewPanorama.h"; sourceTree = "<group>"; fileEncoding = 4; lastKnownFileType = sourcecode.c.h; explicitFileType = undefined; includeInIndex = 0; };
		5010E0D772714AEC947B94A1 /* PluginStreetViewPanoramaController.h */ = {isa = PBXFileReference; name = "PluginStreetViewPanoramaController.h"; path = "cordova-plugin-googlemaps/PluginStreetViewPanoramaController.h"; sourceTree = "<group>"; fileEncoding = 4; lastKnownFileType = sourcecode.c.h; explicitFileType = undefined; includeInIndex = 0; };
		D5E5B762C04D4518BB098591 /* PluginViewController.h */ = {isa = PBXFileReference; name = "PluginViewController.h"; path = "cordova-plugin-googlemaps/PluginViewController.h"; sourceTree = "<group>"; fileEncoding = 4; lastKnownFileType = sourcecode.c.h; explicitFileType = undefined; includeInIndex = 0; };
		DB1A3C0475E8466FB4397332 /* IPluginView.h */ = {isa = PBXFileReference; name = "IPluginView.h"; path = "cordova-plugin-googlemaps/IPluginView.h"; sourceTree = "<group>"; fileEncoding = 4; lastKnownFileType = sourcecode.c.h; explicitFileType = undefined; includeInIndex = 0; };
		0AD951483E104293A4E52A3E /* IPluginProtocol.h */ = {isa = PBXFileReference; name = "IPluginProtocol.h"; path = "cordova-plugin-googlemaps/IPluginProtocol.h"; sourceTree = "<group>"; fileEncoding = 4; lastKnownFileType = sourcecode.c.h; explicitFileType = undefined; includeInIndex = 0; };
		B55858CD6EDF43F3B5228EC0 /* pgm_Localizable_en.json */ = {isa = PBXFileReference; name = "pgm_Localizable_en.json"; path = "pgm_Localizable_en.json"; sourceTree = "<group>"; fileEncoding = undefined; lastKnownFileType = unknown; explicitFileType = undefined; includeInIndex = 0; };
		33711199C26948D7B7104DA7 /* pgm_Localizable_es.json */ = {isa = PBXFileReference; name = "pgm_Localizable_es.json"; path = "pgm_Localizable_es.json"; sourceTree = "<group>"; fileEncoding = undefined; lastKnownFileType = unknown; explicitFileType = undefined; includeInIndex = 0; };
		1B882CE99B224699B81841C9 /* pgm_Localizable_ja.json */ = {isa = PBXFileReference; name = "pgm_Localizable_ja.json"; path = "pgm_Localizable_ja.json"; sourceTree = "<group>"; fileEncoding = undefined; lastKnownFileType = unknown; explicitFileType = undefined; includeInIndex = 0; };
		5EF6AEAA9B0B4B96803273A1 /* pgm_Localizable_ru.json */ = {isa = PBXFileReference; name = "pgm_Localizable_ru.json"; path = "pgm_Localizable_ru.json"; sourceTree = "<group>"; fileEncoding = undefined; lastKnownFileType = unknown; explicitFileType = undefined; includeInIndex = 0; };
		7E8DE15E24C144A5864E26CF /* pgm_Localizable_uk.json */ = {isa = PBXFileReference; name = "pgm_Localizable_uk.json"; path = "pgm_Localizable_uk.json"; sourceTree = "<group>"; fileEncoding = undefined; lastKnownFileType = unknown; explicitFileType = undefined; includeInIndex = 0; };
		C75D00EB6A9448A48F7C25A9 /* pgm_Localizable_pt-BR.json */ = {isa = PBXFileReference; name = "pgm_Localizable_pt-BR.json"; path = "pgm_Localizable_pt-BR.json"; sourceTree = "<group>"; fileEncoding = undefined; lastKnownFileType = unknown; explicitFileType = undefined; includeInIndex = 0; };
		715AF6BF1F8B4651B104710D /* pgm_Localizable_de.json */ = {isa = PBXFileReference; name = "pgm_Localizable_de.json"; path = "pgm_Localizable_de.json"; sourceTree = "<group>"; fileEncoding = undefined; lastKnownFileType = unknown; explicitFileType = undefined; includeInIndex = 0; };
		DD2FFD54EBA54D56AA9F6376 /* pgm_Localizable_fr.json */ = {isa = PBXFileReference; name = "pgm_Localizable_fr.json"; path = "pgm_Localizable_fr.json"; sourceTree = "<group>"; fileEncoding = undefined; lastKnownFileType = unknown; explicitFileType = undefined; includeInIndex = 0; };
		C0DF731B7DD34FE182F7A56E /* pgm_Localizable_hi.json */ = {isa = PBXFileReference; name = "pgm_Localizable_hi.json"; path = "pgm_Localizable_hi.json"; sourceTree = "<group>"; fileEncoding = undefined; lastKnownFileType = unknown; explicitFileType = undefined; includeInIndex = 0; };
		513E71D984D648D7A2DA1B20 /* pgm_Localizable_ar.json */ = {isa = PBXFileReference; name = "pgm_Localizable_ar.json"; path = "pgm_Localizable_ar.json"; sourceTree = "<group>"; fileEncoding = undefined; lastKnownFileType = unknown; explicitFileType = undefined; includeInIndex = 0; };
		BBE388176DA74B22967CE3A6 /* pgm_Localizable_nl.json */ = {isa = PBXFileReference; name = "pgm_Localizable_nl.json"; path = "pgm_Localizable_nl.json"; sourceTree = "<group>"; fileEncoding = undefined; lastKnownFileType = unknown; explicitFileType = undefined; includeInIndex = 0; };
		640D11844EA24801B3FF933D /* pgm_Localizable_pl.json */ = {isa = PBXFileReference; name = "pgm_Localizable_pl.json"; path = "pgm_Localizable_pl.json"; sourceTree = "<group>"; fileEncoding = undefined; lastKnownFileType = unknown; explicitFileType = undefined; includeInIndex = 0; };
		B2E56D6887E34FB191DB7BE4 /* pgm_Localizable_da.json */ = {isa = PBXFileReference; name = "pgm_Localizable_da.json"; path = "pgm_Localizable_da.json"; sourceTree = "<group>"; fileEncoding = undefined; lastKnownFileType = unknown; explicitFileType = undefined; includeInIndex = 0; };
		D7DD6715E23A4025B141575C /* pgm_Localizable_vi.json */ = {isa = PBXFileReference; name = "pgm_Localizable_vi.json"; path = "pgm_Localizable_vi.json"; sourceTree = "<group>"; fileEncoding = undefined; lastKnownFileType = unknown; explicitFileType = undefined; includeInIndex = 0; };
		FF519550895A4D4CACBE621E /* CDVInAppBrowserOptions.m */ = {isa = PBXFileReference; name = "CDVInAppBrowserOptions.m"; path = "cordova-plugin-inappbrowser/CDVInAppBrowserOptions.m"; sourceTree = "<group>"; fileEncoding = 4; lastKnownFileType = sourcecode.c.objc; explicitFileType = undefined; includeInIndex = 0; };
		5D015DBF399D4492A6903030 /* CDVInAppBrowserNavigationController.m */ = {isa = PBXFileReference; name = "CDVInAppBrowserNavigationController.m"; path = "cordova-plugin-inappbrowser/CDVInAppBrowserNavigationController.m"; sourceTree = "<group>"; fileEncoding = 4; lastKnownFileType = sourcecode.c.objc; explicitFileType = undefined; includeInIndex = 0; };
		B98F67990A444C5B9A3A5942 /* CDVWKInAppBrowser.m */ = {isa = PBXFileReference; name = "CDVWKInAppBrowser.m"; path = "cordova-plugin-inappbrowser/CDVWKInAppBrowser.m"; sourceTree = "<group>"; fileEncoding = 4; lastKnownFileType = sourcecode.c.objc; explicitFileType = undefined; includeInIndex = 0; };
		B4BA671B1C8D4668B1AF7165 /* CDVWKInAppBrowserUIDelegate.m */ = {isa = PBXFileReference; name = "CDVWKInAppBrowserUIDelegate.m"; path = "cordova-plugin-inappbrowser/CDVWKInAppBrowserUIDelegate.m"; sourceTree = "<group>"; fileEncoding = 4; lastKnownFileType = sourcecode.c.objc; explicitFileType = undefined; includeInIndex = 0; };
		CFC0A9A26731495795300327 /* CDVInAppBrowserOptions.h */ = {isa = PBXFileReference; name = "CDVInAppBrowserOptions.h"; path = "cordova-plugin-inappbrowser/CDVInAppBrowserOptions.h"; sourceTree = "<group>"; fileEncoding = 4; lastKnownFileType = sourcecode.c.h; explicitFileType = undefined; includeInIndex = 0; };
		6EE073E3BCFC4B2DAB53233D /* CDVInAppBrowserNavigationController.h */ = {isa = PBXFileReference; name = "CDVInAppBrowserNavigationController.h"; path = "cordova-plugin-inappbrowser/CDVInAppBrowserNavigationController.h"; sourceTree = "<group>"; fileEncoding = 4; lastKnownFileType = sourcecode.c.h; explicitFileType = undefined; includeInIndex = 0; };
		8BC6835D0BAE4C0783E50402 /* CDVWKInAppBrowser.h */ = {isa = PBXFileReference; name = "CDVWKInAppBrowser.h"; path = "cordova-plugin-inappbrowser/CDVWKInAppBrowser.h"; sourceTree = "<group>"; fileEncoding = 4; lastKnownFileType = sourcecode.c.h; explicitFileType = undefined; includeInIndex = 0; };
		7FA17203574E42B3B7C635DA /* CDVWKInAppBrowserUIDelegate.h */ = {isa = PBXFileReference; name = "CDVWKInAppBrowserUIDelegate.h"; path = "cordova-plugin-inappbrowser/CDVWKInAppBrowserUIDelegate.h"; sourceTree = "<group>"; fileEncoding = 4; lastKnownFileType = sourcecode.c.h; explicitFileType = undefined; includeInIndex = 0; };
/* End PBXFileReference section */

/* Begin PBXFrameworksBuildPhase section */
		1D60588F0D05DD3D006BFB54 /* Frameworks */ = {
			isa = PBXFrameworksBuildPhase;
			buildActionMask = 2147483647;
			files = (
				301BF552109A68D80062928A /* libCordova.a in Frameworks */,
				CE6747254B8347B7AEEED50B /* ImageIO.framework in Frameworks */,
				71D6B4F5D07D4FC498002116 /* CoreLocation.framework in Frameworks */,
				B64BE97EC16F4B81A596C4E6 /* AVFoundation.framework in Frameworks */,
			);
			runOnlyForDeploymentPostprocessing = 0;
		};
/* End PBXFrameworksBuildPhase section */

/* Begin PBXGroup section */
		080E96DDFE201D6D7F000001 /* Classes */ = {
			isa = PBXGroup;
			children = (
				302D95EE14D2391D003F00A1 /* MainViewController.h */,
				302D95EF14D2391D003F00A1 /* MainViewController.m */,
				302D95F014D2391D003F00A1 /* MainViewController.xib */,
				1D3623240D0F684500981E51 /* AppDelegate.h */,
				1D3623250D0F684500981E51 /* AppDelegate.m */,
			);
			name = Classes;
			path = "Exploration Dashboard Monitoring/Classes";
			sourceTree = SOURCE_ROOT;
		};
		19C28FACFE9D520D11CA2CBB /* Products */ = {
			isa = PBXGroup;
			children = (
				1D6058910D05DD3D006BFB54 /* Exploration Dashboard Monitoring.app */,
			);
			name = Products;
			sourceTree = "<group>";
		};
		29B97314FDCFA39411CA2CEA /* CustomTemplate */ = {
			isa = PBXGroup;
			children = (
				EB87FDF41871DAF40020F90C /* config.xml */,
				EB87FDF31871DA8E0020F90C /* www */,
				EB87FDF11871DA420020F90C /* Staging */,
				301BF52D109A57CC0062928A /* CordovaLib/CordovaLib.xcodeproj */,
				080E96DDFE201D6D7F000001 /* Classes */,
				307C750510C5A3420062BCA9 /* Plugins */,
				29B97315FDCFA39411CA2CEA /* Other Sources */,
				29B97317FDCFA39411CA2CEA /* Resources */,
				29B97323FDCFA39411CA2CEA /* Frameworks */,
				19C28FACFE9D520D11CA2CBB /* Products */,
			);
			name = CustomTemplate;
			sourceTree = "<group>";
		};
		29B97315FDCFA39411CA2CEA /* Other Sources */ = {
			isa = PBXGroup;
			children = (
				32CA4F630368D1EE00C91783 /* Exploration Dashboard Monitoring-Prefix.pch */,
				29B97316FDCFA39411CA2CEA /* main.m */,
				ED33DF2A687741AEAF9F8254 /* Bridging-Header.h */,
			);
			name = "Other Sources";
			path = "Exploration Dashboard Monitoring";
			sourceTree = "<group>";
		};
		29B97317FDCFA39411CA2CEA /* Resources */ = {
			isa = PBXGroup;
			children = (
				0207DA571B56EA530066E2B4 /* Images.xcassets */,
				3047A50E1AB8057F00498E2A /* config */,
				8D1107310486CEB800E47090 /* Exploration Dashboard Monitoring-Info.plist */,
				6AFF5BF81D6E424B00AB3073 /* CDVLaunchScreen.storyboard */,
				B55858CD6EDF43F3B5228EC0 /* pgm_Localizable_en.json */,
				33711199C26948D7B7104DA7 /* pgm_Localizable_es.json */,
				1B882CE99B224699B81841C9 /* pgm_Localizable_ja.json */,
				5EF6AEAA9B0B4B96803273A1 /* pgm_Localizable_ru.json */,
				7E8DE15E24C144A5864E26CF /* pgm_Localizable_uk.json */,
				C75D00EB6A9448A48F7C25A9 /* pgm_Localizable_pt-BR.json */,
				715AF6BF1F8B4651B104710D /* pgm_Localizable_de.json */,
				DD2FFD54EBA54D56AA9F6376 /* pgm_Localizable_fr.json */,
				C0DF731B7DD34FE182F7A56E /* pgm_Localizable_hi.json */,
				513E71D984D648D7A2DA1B20 /* pgm_Localizable_ar.json */,
				BBE388176DA74B22967CE3A6 /* pgm_Localizable_nl.json */,
				640D11844EA24801B3FF933D /* pgm_Localizable_pl.json */,
				B2E56D6887E34FB191DB7BE4 /* pgm_Localizable_da.json */,
				D7DD6715E23A4025B141575C /* pgm_Localizable_vi.json */,
			);
			name = Resources;
			path = "Exploration Dashboard Monitoring/Resources";
			sourceTree = "<group>";
		};
		29B97323FDCFA39411CA2CEA /* Frameworks */ = {
			isa = PBXGroup;
			children = (
				300AA04154A84F6497F009AA /* ImageIO.framework */,
				DD7BD7D3C5364D7A9846B7C2 /* CoreLocation.framework */,
				FD4C244AE54944859F9EF5F0 /* AVFoundation.framework */,
			);
			name = Frameworks;
			sourceTree = "<group>";
		};
		301BF52E109A57CC0062928A /* Products */ = {
			isa = PBXGroup;
			children = (
				301BF535109A57CC0062928A /* libCordova.a */,
				907D8124214C687600058A10 /* Cordova.framework */,
			);
			name = Products;
			sourceTree = "<group>";
		};
		3047A50E1AB8057F00498E2A /* config */ = {
			isa = PBXGroup;
			children = (
				3047A50F1AB8059700498E2A /* build-debug.xcconfig */,
				3047A5101AB8059700498E2A /* build-release.xcconfig */,
				3047A5111AB8059700498E2A /* build.xcconfig */,
			);
			name = config;
			sourceTree = "<group>";
		};
		307C750510C5A3420062BCA9 /* Plugins */ = {
			isa = PBXGroup;
			children = (
				B1343D82D639426CB6712A9E /* UIImage+CropScaleOrientation.m */,
				A8F4246E26164D6A8117C474 /* CDVCamera.m */,
				DEC3EC75FF484335B166B481 /* CDVJpegHeaderWriter.m */,
				7FEAE9BD973D455B9690283F /* UIImage+CropScaleOrientation.h */,
				D60ABC635A1B42CFADE02D82 /* CDVCamera.h */,
				EB2DD2081518427C9F285907 /* CDVJpegHeaderWriter.h */,
				F1448E2F5C8241A0B476B577 /* CDVExif.h */,
				8B996A6ABEB9485D8412B3BD /* CDVLocation.m */,
				08FD0B12B097448DAB92465F /* CDVLocation.h */,
				BDE87892B7BC4DC9AF579FFD /* PluginObjects.m */,
				F023390E145A42EB88EB7E68 /* PluginCircle.m */,
				C504BDF06FEF462E889CBCAB /* PluginGeocoder.m */,
				AAF2B26B82E441ED96371271 /* PluginLocationService.m */,
				A0A3CCA004904C4094D2B4AA /* PluginEnvironment.m */,
				D83D7143C4724BE0843B3AAC /* CordovaGoogleMaps.m */,
				78D5DF9757C94FF7BD641DB1 /* PluginMapViewController.m */,
				0A82486B3C1B4818B8B24B5D /* PluginGroundOverlay.m */,
				F97118B5F445446CA109C958 /* PluginKmlOverlay.m */,
				90DE218014F24370BFE10EEB /* PluginMap.m */,
				DA6A5B206E2D4E0FAC39F4A8 /* PluginMarker.m */,
				4CE960BCBF0F4FD186BE704A /* PluginUtil.m */,
				A0C61A5009B4472F8D756560 /* PluginPolygon.m */,
				4A633D25B71F4081983969E8 /* PluginPolyline.m */,
				6EED8D7BCFE04864A97970B6 /* PluginTileProvider.m */,
				0E0DDAC3E2AE49509419A430 /* TBXML.m */,
				8CC7E34D2EE34C55A213DE30 /* PluginTileOverlay.m */,
				CC6D24C521A94CEB976C6159 /* GMSCoordinateBounds+Geometry.m */,
				1DA65A051B4D45FD8D4A5CC9 /* MyPluginLayer.m */,
				4A1FF423320D407EB12FC62C /* MyPluginScrollView.m */,
				DE8F8976DDBA4684B1EE6AEA /* PluginMarkerCluster.m */,
				0C6CC078ED5A40A99BFFCDC7 /* UIImageCache.m */,
				D4FE489FD90A45F39B0FD029 /* PluginStreetViewPanorama.m */,
				867B4693589B4D178A87CB55 /* PluginStreetViewPanoramaController.m */,
				180539F9A7E14BC4A1DC532B /* PluginViewController.m */,
				CF062C6342D3467FB7D16240 /* PluginObjects.h */,
				BACB22F4C55444169ECC1A2A /* PluginCircle.h */,
				C755FE09066D4883AA86CEDB /* PluginGeocoder.h */,
				A290782CEFF547F3BE1D20FA /* PluginLocationService.h */,
				FA0F8445E2484E03A49D5A37 /* PluginEnvironment.h */,
				868A890CF5004402BBA995B3 /* CordovaGoogleMaps.h */,
				31D7C15AFE324C4B97AF0199 /* PluginMapViewController.h */,
				3B5F54AED50647BCB2F753B6 /* PluginGroundOverlay.h */,
				3AE90E79826E4E90B675EA89 /* PluginKmlOverlay.h */,
				027F41E10D4F48A9BBCB8638 /* PluginMap.h */,
				6EE4231D1E2345EA9916FE63 /* PluginMarker.h */,
				DD4594BCC123432A9726E118 /* PluginUtil.h */,
				4D10C2CE817E4B6C9F9B6BB9 /* PluginPolygon.h */,
				DB3D9A5F6A1346D3B24F8C01 /* PluginPolyline.h */,
				7AE00AF0D2BC41B99E1C5892 /* PluginTileProvider.h */,
				874241A207D94EB2B6217F97 /* TBXML.h */,
				B3303EE195CA4E0EAB913096 /* PluginTileOverlay.h */,
				68D3EF112FF846EE9CB7C56C /* GMSCoordinateBounds+Geometry.h */,
				DBFE1792CADF43009B236F88 /* MyPluginLayer.h */,
				F4C7B74224D14D0DB589D7A3 /* MyPluginScrollView.h */,
				7D07EDE6A4F2473081400139 /* PluginMarkerCluster.h */,
				427471814CF5406892465AC2 /* UIImageCache.h */,
				704A1F30D2EB45A4A8F2A594 /* PluginStreetViewPanorama.h */,
				5010E0D772714AEC947B94A1 /* PluginStreetViewPanoramaController.h */,
				D5E5B762C04D4518BB098591 /* PluginViewController.h */,
				DB1A3C0475E8466FB4397332 /* IPluginView.h */,
				0AD951483E104293A4E52A3E /* IPluginProtocol.h */,
				FF519550895A4D4CACBE621E /* CDVInAppBrowserOptions.m */,
				5D015DBF399D4492A6903030 /* CDVInAppBrowserNavigationController.m */,
				B98F67990A444C5B9A3A5942 /* CDVWKInAppBrowser.m */,
				B4BA671B1C8D4668B1AF7165 /* CDVWKInAppBrowserUIDelegate.m */,
				CFC0A9A26731495795300327 /* CDVInAppBrowserOptions.h */,
				6EE073E3BCFC4B2DAB53233D /* CDVInAppBrowserNavigationController.h */,
				8BC6835D0BAE4C0783E50402 /* CDVWKInAppBrowser.h */,
				7FA17203574E42B3B7C635DA /* CDVWKInAppBrowserUIDelegate.h */,
			);
			name = Plugins;
			path = "Exploration Dashboard Monitoring/Plugins";
			sourceTree = SOURCE_ROOT;
		};
		EB87FDF11871DA420020F90C /* Staging */ = {
			isa = PBXGroup;
			children = (
				F840E1F0165FE0F500CFE078 /* config.xml */,
				301BF56E109A69640062928A /* www */,
			);
			name = Staging;
			sourceTree = "<group>";
		};
/* End PBXGroup section */

/* Begin PBXNativeTarget section */
		1D6058900D05DD3D006BFB54 /* Exploration Dashboard Monitoring */ = {
			isa = PBXNativeTarget;
			buildConfigurationList = 1D6058960D05DD3E006BFB54 /* Build configuration list for PBXNativeTarget "Exploration Dashboard Monitoring" */;
			buildPhases = (
				304B58A110DAC018002A0835 /* Copy www directory */,
				1D60588D0D05DD3D006BFB54 /* Resources */,
				1D60588E0D05DD3D006BFB54 /* Sources */,
				1D60588F0D05DD3D006BFB54 /* Frameworks */,
			);
			buildRules = (
			);
			dependencies = (
				301BF551109A68C00062928A /* PBXTargetDependency */,
			);
			name = "Exploration Dashboard Monitoring";
			productName = "Exploration Dashboard Monitoring";
			productReference = 1D6058910D05DD3D006BFB54 /* Exploration Dashboard Monitoring.app */;
			productType = "com.apple.product-type.application";
		};
/* End PBXNativeTarget section */

/* Begin PBXProject section */
		29B97313FDCFA39411CA2CEA /* Project object */ = {
			isa = PBXProject;
			attributes = {
				LastUpgradeCheck = 1130;
				TargetAttributes = {
					1D6058900D05DD3D006BFB54 = {
						ProvisioningStyle = Automatic;
					};
				};
			};
			buildConfigurationList = C01FCF4E08A954540054247B /* Build configuration list for PBXProject "Exploration Dashboard Monitoring" */;
			compatibilityVersion = "Xcode 11.0";
			developmentRegion = en;
			hasScannedForEncodings = 1;
			knownRegions = (
				en,
				Base,
			);
			mainGroup = 29B97314FDCFA39411CA2CEA /* CustomTemplate */;
			projectDirPath = "";
			projectReferences = (
				{
					ProductGroup = 301BF52E109A57CC0062928A /* Products */;
					ProjectRef = 301BF52D109A57CC0062928A /* CordovaLib/CordovaLib.xcodeproj */;
				},
			);
			projectRoot = "";
			targets = (
				1D6058900D05DD3D006BFB54 /* Exploration Dashboard Monitoring */,
			);
		};
/* End PBXProject section */

/* Begin PBXReferenceProxy section */
		301BF535109A57CC0062928A /* libCordova.a */ = {
			isa = PBXReferenceProxy;
			fileType = archive.ar;
			path = libCordova.a;
			remoteRef = 301BF534109A57CC0062928A /* PBXContainerItemProxy */;
			sourceTree = BUILT_PRODUCTS_DIR;
		};
		907D8124214C687600058A10 /* Cordova.framework */ = {
			isa = PBXReferenceProxy;
			fileType = wrapper.framework;
			path = Cordova.framework;
			remoteRef = 907D8123214C687600058A10 /* PBXContainerItemProxy */;
			sourceTree = BUILT_PRODUCTS_DIR;
		};
/* End PBXReferenceProxy section */

/* Begin PBXResourcesBuildPhase section */
		1D60588D0D05DD3D006BFB54 /* Resources */ = {
			isa = PBXResourcesBuildPhase;
			buildActionMask = 2147483647;
			files = (
				302D95F214D2391D003F00A1 /* MainViewController.xib in Resources */,
				0207DA581B56EA530066E2B4 /* Images.xcassets in Resources */,
				6AFF5BF91D6E424B00AB3073 /* CDVLaunchScreen.storyboard in Resources */,
				0CC180492A0A4D46A223DA4B /* pgm_Localizable_en.json in Resources */,
				A7DB19529D8F4169A2C99CDF /* pgm_Localizable_es.json in Resources */,
				3F8D0DEC0CD647D0933CBBCB /* pgm_Localizable_ja.json in Resources */,
				9842A7DBFF214685929AB1F8 /* pgm_Localizable_ru.json in Resources */,
				0A3CE614CAA5479BACC479F1 /* pgm_Localizable_uk.json in Resources */,
				A9F6CA2E67FC41C98AF4E065 /* pgm_Localizable_pt-BR.json in Resources */,
				BBF7E13D68BA439495CAC0B5 /* pgm_Localizable_de.json in Resources */,
				97F4C6BFCFEB46A1B5BE6383 /* pgm_Localizable_fr.json in Resources */,
				3D93648D1BC74184AC8B3D7B /* pgm_Localizable_hi.json in Resources */,
				2FDF37387E84419A9D6ED152 /* pgm_Localizable_ar.json in Resources */,
				497BCFE0C3A244119FEC0F9D /* pgm_Localizable_nl.json in Resources */,
				78400CC660E94EF0AAD575AA /* pgm_Localizable_pl.json in Resources */,
				8FF50A30C9CA4E5C9CBAD8B6 /* pgm_Localizable_da.json in Resources */,
				E0D4EF69D8834E2CABCC0D71 /* pgm_Localizable_vi.json in Resources */,
			);
			runOnlyForDeploymentPostprocessing = 0;
		};
/* End PBXResourcesBuildPhase section */

/* Begin PBXShellScriptBuildPhase section */
		304B58A110DAC018002A0835 /* Copy www directory */ = {
			isa = PBXShellScriptBuildPhase;
			buildActionMask = 2147483647;
			files = (
			);
			inputPaths = (
			);
			name = "Copy www directory";
			outputPaths = (
			);
			runOnlyForDeploymentPostprocessing = 0;
			shellPath = /bin/sh;
			shellScript = "\"$SRCROOT/Exploration Dashboard Monitoring/Scripts/copy-www-build-step.sh\"";
			showEnvVarsInLog = 0;
		};
/* End PBXShellScriptBuildPhase section */

/* Begin PBXSourcesBuildPhase section */
		1D60588E0D05DD3D006BFB54 /* Sources */ = {
			isa = PBXSourcesBuildPhase;
			buildActionMask = 2147483647;
			files = (
				1D60589B0D05DD56006BFB54 /* main.m in Sources */,
				1D3623260D0F684500981E51 /* AppDelegate.m in Sources */,
				302D95F114D2391D003F00A1 /* MainViewController.m in Sources */,
				58FC9462A61A4EFBB56DB56E /* UIImage+CropScaleOrientation.m in Sources */,
				AFF3F137B099485BBFB6B6DA /* CDVCamera.m in Sources */,
				C5FD7D7363484741864FBA48 /* CDVJpegHeaderWriter.m in Sources */,
				75C780162B3244699A3D3927 /* CDVLocation.m in Sources */,
				F405E3B74F08415382DA0114 /* PluginObjects.m in Sources */,
				263B5311A03742E69379C48B /* PluginCircle.m in Sources */,
				06110AF39A9D429F87A66D96 /* PluginGeocoder.m in Sources */,
				D5E321466E3F4B639C40B335 /* PluginLocationService.m in Sources */,
				43BF6ACF7F76451DBD145E9B /* PluginEnvironment.m in Sources */,
				C1C05CE88C954F5694BE22F0 /* CordovaGoogleMaps.m in Sources */,
				B4DE2E7C9A8C4F7AB79EA833 /* PluginMapViewController.m in Sources */,
				057DBF5E82D340FC8F5C342C /* PluginGroundOverlay.m in Sources */,
				C3CE2809A6E54FA4B3CB0FA6 /* PluginKmlOverlay.m in Sources */,
				A058EBBD6C894491855235CF /* PluginMap.m in Sources */,
				E81A38B672044FDD80D34370 /* PluginMarker.m in Sources */,
				DF1F8FFB0EDA4548A2A36A0C /* PluginUtil.m in Sources */,
				1FE6CE4DD0AE4FE4832DAABA /* PluginPolygon.m in Sources */,
				2AA8B100786F4C1690767787 /* PluginPolyline.m in Sources */,
				AD2061E2E8F644BAB4EEEB54 /* PluginTileProvider.m in Sources */,
				9C99FCBE32F24372BBCD6272 /* TBXML.m in Sources */,
				BFC1C33BA1224BBE9B4AE6E4 /* PluginTileOverlay.m in Sources */,
				9144C88B6DF54D1FAE6FB5E6 /* GMSCoordinateBounds+Geometry.m in Sources */,
				A7F9C665A7DC455AA856D7F4 /* MyPluginLayer.m in Sources */,
				A4C1B4DE38004B0D8EDB87B6 /* MyPluginScrollView.m in Sources */,
				239A112E97074D05819CB47E /* PluginMarkerCluster.m in Sources */,
				268E7F21C04B4E8CA99C15F5 /* UIImageCache.m in Sources */,
				5C39647A6D3243118854203B /* PluginStreetViewPanorama.m in Sources */,
				8926A14A63C2460596A28BFF /* PluginStreetViewPanoramaController.m in Sources */,
				349DCEEAE08A4FADA036D399 /* PluginViewController.m in Sources */,
				94EDC2D1D215471DACD00956 /* CDVInAppBrowserOptions.m in Sources */,
				70F34FDB5AE94DFC896A8E57 /* CDVInAppBrowserNavigationController.m in Sources */,
				F3F7172DE31D41A8B32C75C9 /* CDVWKInAppBrowser.m in Sources */,
				DD3B2F5A95A24B9C961B89E0 /* CDVWKInAppBrowserUIDelegate.m in Sources */,
			);
			runOnlyForDeploymentPostprocessing = 0;
		};
/* End PBXSourcesBuildPhase section */

/* Begin PBXTargetDependency section */
		301BF551109A68C00062928A /* PBXTargetDependency */ = {
			isa = PBXTargetDependency;
			name = CordovaLib;
			targetProxy = 301BF550109A68C00062928A /* PBXContainerItemProxy */;
		};
/* End PBXTargetDependency section */

/* Begin XCBuildConfiguration section */
		1D6058940D05DD3E006BFB54 /* Debug */ = {
			isa = XCBuildConfiguration;
			baseConfigurationReference = 3047A50F1AB8059700498E2A /* build-debug.xcconfig */;
			buildSettings = {
				ALWAYS_SEARCH_USER_PATHS = NO;
				ASSETCATALOG_COMPILER_APPICON_NAME = AppIcon;
				CLANG_ENABLE_MODULES = YES;
				CLANG_ENABLE_OBJC_ARC = YES;
				COPY_PHASE_STRIP = NO;
				GCC_DYNAMIC_NO_PIC = NO;
				GCC_OPTIMIZATION_LEVEL = 0;
				GCC_PRECOMPILE_PREFIX_HEADER = YES;
				GCC_PREFIX_HEADER = "Exploration Dashboard Monitoring/Exploration Dashboard Monitoring-Prefix.pch";
				GCC_THUMB_SUPPORT = NO;
				GCC_VERSION = "";
				INFOPLIST_FILE = "Exploration Dashboard Monitoring/Exploration Dashboard Monitoring-Info.plist";
				IPHONEOS_DEPLOYMENT_TARGET = 11.0;
				LD_RUNPATH_SEARCH_PATHS = "@executable_path/Frameworks";
				PRODUCT_BUNDLE_IDENTIFIER = com.pepc.exploration.dashboard;
				PRODUCT_NAME = "$(TARGET_NAME)";
				TARGETED_DEVICE_FAMILY = "1,2";
				VALIDATE_WORKSPACE = NO;
			};
			name = Debug;
		};
		1D6058950D05DD3E006BFB54 /* Release */ = {
			isa = XCBuildConfiguration;
			baseConfigurationReference = 3047A5101AB8059700498E2A /* build-release.xcconfig */;
			buildSettings = {
				ALWAYS_SEARCH_USER_PATHS = NO;
				ASSETCATALOG_COMPILER_APPICON_NAME = AppIcon;
				CLANG_ENABLE_MODULES = YES;
				CLANG_ENABLE_OBJC_ARC = YES;
				COPY_PHASE_STRIP = YES;
				GCC_PRECOMPILE_PREFIX_HEADER = YES;
				GCC_PREFIX_HEADER = "Exploration Dashboard Monitoring/Exploration Dashboard Monitoring-Prefix.pch";
				GCC_THUMB_SUPPORT = NO;
				GCC_VERSION = "";
				INFOPLIST_FILE = "Exploration Dashboard Monitoring/Exploration Dashboard Monitoring-Info.plist";
				IPHONEOS_DEPLOYMENT_TARGET = 11.0;
				LD_RUNPATH_SEARCH_PATHS = "@executable_path/Frameworks";
				PRODUCT_BUNDLE_IDENTIFIER = com.pepc.exploration.dashboard;
				PRODUCT_NAME = "$(TARGET_NAME)";
				TARGETED_DEVICE_FAMILY = "1,2";
				VALIDATE_WORKSPACE = NO;
			};
			name = Release;
		};
		C01FCF4F08A954540054247B /* Debug */ = {
			isa = XCBuildConfiguration;
			baseConfigurationReference = 3047A5111AB8059700498E2A /* build.xcconfig */;
			buildSettings = {
				CLANG_ANALYZER_LOCALIZABILITY_NONLOCALIZED = YES;
				CLANG_ENABLE_MODULES = YES;
				CLANG_ENABLE_OBJC_ARC = YES;
				CLANG_WARN_BLOCK_CAPTURE_AUTORELEASING = YES;
				CLANG_WARN_BOOL_CONVERSION = YES;
				CLANG_WARN_COMMA = YES;
				CLANG_WARN_CONSTANT_CONVERSION = YES;
				CLANG_WARN_DEPRECATED_OBJC_IMPLEMENTATIONS = YES;
				CLANG_WARN_EMPTY_BODY = YES;
				CLANG_WARN_ENUM_CONVERSION = YES;
				CLANG_WARN_INFINITE_RECURSION = YES;
				CLANG_WARN_INT_CONVERSION = YES;
				CLANG_WARN_NON_LITERAL_NULL_CONVERSION = YES;
				CLANG_WARN_OBJC_IMPLICIT_RETAIN_SELF = YES;
				CLANG_WARN_OBJC_LITERAL_CONVERSION = YES;
				CLANG_WARN_RANGE_LOOP_ANALYSIS = YES;
				CLANG_WARN_STRICT_PROTOTYPES = YES;
				CLANG_WARN_SUSPICIOUS_MOVE = YES;
				CLANG_WARN_UNREACHABLE_CODE = YES;
				CLANG_WARN__DUPLICATE_METHOD_MATCH = YES;
				ENABLE_STRICT_OBJC_MSGSEND = YES;
				ENABLE_TESTABILITY = YES;
				GCC_C_LANGUAGE_STANDARD = c99;
				GCC_NO_COMMON_BLOCKS = YES;
				GCC_THUMB_SUPPORT = NO;
				GCC_VERSION = "";
				GCC_WARN_64_TO_32_BIT_CONVERSION = YES;
				GCC_WARN_ABOUT_RETURN_TYPE = YES;
				GCC_WARN_UNDECLARED_SELECTOR = YES;
				GCC_WARN_UNINITIALIZED_AUTOS = YES;
				GCC_WARN_UNUSED_FUNCTION = YES;
				GCC_WARN_UNUSED_VARIABLE = YES;
				ONLY_ACTIVE_ARCH = YES;
				SDKROOT = iphoneos;
				SKIP_INSTALL = NO;
				WK_WEB_VIEW_ONLY = 1;
			};
			name = Debug;
		};
		C01FCF5008A954540054247B /* Release */ = {
			isa = XCBuildConfiguration;
			baseConfigurationReference = 3047A5111AB8059700498E2A /* build.xcconfig */;
			buildSettings = {
				CLANG_ANALYZER_LOCALIZABILITY_NONLOCALIZED = YES;
				CLANG_ENABLE_MODULES = YES;
				CLANG_ENABLE_OBJC_ARC = YES;
				CLANG_WARN_BLOCK_CAPTURE_AUTORELEASING = YES;
				CLANG_WARN_BOOL_CONVERSION = YES;
				CLANG_WARN_COMMA = YES;
				CLANG_WARN_CONSTANT_CONVERSION = YES;
				CLANG_WARN_DEPRECATED_OBJC_IMPLEMENTATIONS = YES;
				CLANG_WARN_EMPTY_BODY = YES;
				CLANG_WARN_ENUM_CONVERSION = YES;
				CLANG_WARN_INFINITE_RECURSION = YES;
				CLANG_WARN_INT_CONVERSION = YES;
				CLANG_WARN_NON_LITERAL_NULL_CONVERSION = YES;
				CLANG_WARN_OBJC_IMPLICIT_RETAIN_SELF = YES;
				CLANG_WARN_OBJC_LITERAL_CONVERSION = YES;
				CLANG_WARN_RANGE_LOOP_ANALYSIS = YES;
				CLANG_WARN_STRICT_PROTOTYPES = YES;
				CLANG_WARN_SUSPICIOUS_MOVE = YES;
				CLANG_WARN_UNREACHABLE_CODE = YES;
				CLANG_WARN__DUPLICATE_METHOD_MATCH = YES;
				ENABLE_STRICT_OBJC_MSGSEND = YES;
				GCC_C_LANGUAGE_STANDARD = c99;
				GCC_NO_COMMON_BLOCKS = YES;
				GCC_THUMB_SUPPORT = NO;
				GCC_VERSION = "";
				GCC_WARN_64_TO_32_BIT_CONVERSION = YES;
				GCC_WARN_ABOUT_RETURN_TYPE = YES;
				GCC_WARN_UNDECLARED_SELECTOR = YES;
				GCC_WARN_UNINITIALIZED_AUTOS = YES;
				GCC_WARN_UNUSED_FUNCTION = YES;
				GCC_WARN_UNUSED_VARIABLE = YES;
				SDKROOT = iphoneos;
				SKIP_INSTALL = NO;
				WK_WEB_VIEW_ONLY = 1;
			};
			name = Release;
		};
/* End XCBuildConfiguration section */

/* Begin XCConfigurationList section */
		1D6058960D05DD3E006BFB54 /* Build configuration list for PBXNativeTarget "Exploration Dashboard Monitoring" */ = {
			isa = XCConfigurationList;
			buildConfigurations = (
				1D6058940D05DD3E006BFB54 /* Debug */,
				1D6058950D05DD3E006BFB54 /* Release */,
			);
			defaultConfigurationIsVisible = 0;
			defaultConfigurationName = Release;
		};
		C01FCF4E08A954540054247B /* Build configuration list for PBXProject "Exploration Dashboard Monitoring" */ = {
			isa = XCConfigurationList;
			buildConfigurations = (
				C01FCF4F08A954540054247B /* Debug */,
				C01FCF5008A954540054247B /* Release */,
			);
			defaultConfigurationIsVisible = 0;
			defaultConfigurationName = Release;
		};
/* End XCConfigurationList section */
	};
	rootObject = 29B97313FDCFA39411CA2CEA /* Project object */;
}
